// !$*UTF8*$!
{
	archiveVersion = 1;
	classes = {
	};
	objectVersion = 50;
	objects = {

/* Begin PBXBuildFile section */
		4B03E6D525FCEAFD000A6F7A /* ArticleView.swift in Sources */ = {isa = PBXBuildFile; fileRef = 4B03E6D425FCEAFD000A6F7A /* ArticleView.swift */; };
		4B03E6D625FCEAFD000A6F7A /* ArticleView.swift in Sources */ = {isa = PBXBuildFile; fileRef = 4B03E6D425FCEAFD000A6F7A /* ArticleView.swift */; };
		4B0E03AA26A73E34005C7D4E /* Spacing.swift in Sources */ = {isa = PBXBuildFile; fileRef = 4B0E03A926A73E34005C7D4E /* Spacing.swift */; };
		4B0E03AB26A73E34005C7D4E /* Spacing.swift in Sources */ = {isa = PBXBuildFile; fileRef = 4B0E03A926A73E34005C7D4E /* Spacing.swift */; };
		4B0E03AE26A89822005C7D4E /* Tests macOS.swift in Sources */ = {isa = PBXBuildFile; fileRef = 4B0E03AD26A89822005C7D4E /* Tests macOS.swift */; };
		4B1F3891265A8B7000D96B71 /* AppAddReadingListItemFromArticleUseCase.swift in Sources */ = {isa = PBXBuildFile; fileRef = 4B1F3890265A8B7000D96B71 /* AppAddReadingListItemFromArticleUseCase.swift */; };
		4B1F3895265A8D8100D96B71 /* AppAddReadingListItemFromArticleUserCase.swift in Sources */ = {isa = PBXBuildFile; fileRef = 4B1F3894265A8D8100D96B71 /* AppAddReadingListItemFromArticleUserCase.swift */; };
		4B1F389C265ABA2C00D96B71 /* ReadingListUseCase.swift in Sources */ = {isa = PBXBuildFile; fileRef = 4B1F389B265ABA2C00D96B71 /* ReadingListUseCase.swift */; };
		4B1F389D265ABA3000D96B71 /* ReadingListUseCase.swift in Sources */ = {isa = PBXBuildFile; fileRef = 4B1F389B265ABA2C00D96B71 /* ReadingListUseCase.swift */; };
		4B1F389F265ABBEE00D96B71 /* ArticlesUseCaseFixture.swift in Sources */ = {isa = PBXBuildFile; fileRef = 4B1F389E265ABBEE00D96B71 /* ArticlesUseCaseFixture.swift */; };
		4B1F38A1265ABE7200D96B71 /* ReadingListUseCaseFixture.swift in Sources */ = {isa = PBXBuildFile; fileRef = 4B1F38A0265ABE7200D96B71 /* ReadingListUseCaseFixture.swift */; };
		4B1F38A4265BD49300D96B71 /* ArticleTests.swift in Sources */ = {isa = PBXBuildFile; fileRef = 4B1F38A3265BD49300D96B71 /* ArticleTests.swift */; };
		4B243D9A2669045100E5E7EB /* ArticleRestDtoFixture.swift in Sources */ = {isa = PBXBuildFile; fileRef = 4B243D992669045100E5E7EB /* ArticleRestDtoFixture.swift */; };
		4B243D9E2669071300E5E7EB /* DateFormatting.swift in Sources */ = {isa = PBXBuildFile; fileRef = 4B243D9B2669070900E5E7EB /* DateFormatting.swift */; };
		4B243D9F2669071400E5E7EB /* DateFormatting.swift in Sources */ = {isa = PBXBuildFile; fileRef = 4B243D9B2669070900E5E7EB /* DateFormatting.swift */; };
		4B243DA426690F2000E5E7EB /* operators.swift in Sources */ = {isa = PBXBuildFile; fileRef = 4B243DA326690F2000E5E7EB /* operators.swift */; };
		4B243DA526690F2000E5E7EB /* operators.swift in Sources */ = {isa = PBXBuildFile; fileRef = 4B243DA326690F2000E5E7EB /* operators.swift */; };
		4B24F8A425F3E2D20088EE1B /* HttpClient.swift in Sources */ = {isa = PBXBuildFile; fileRef = 4B24F8A325F3E2D20088EE1B /* HttpClient.swift */; };
		4B24F8A525F3E2D20088EE1B /* HttpClient.swift in Sources */ = {isa = PBXBuildFile; fileRef = 4B24F8A325F3E2D20088EE1B /* HttpClient.swift */; };
		4B262736262C3AF0006FD5C9 /* HttpError.swift in Sources */ = {isa = PBXBuildFile; fileRef = 4B262735262C3AF0006FD5C9 /* HttpError.swift */; };
		4B262737262C3AF0006FD5C9 /* HttpError.swift in Sources */ = {isa = PBXBuildFile; fileRef = 4B262735262C3AF0006FD5C9 /* HttpError.swift */; };
		4B262767262C5075006FD5C9 /* InMemoryRepositoryTests.swift in Sources */ = {isa = PBXBuildFile; fileRef = 4B262766262C5075006FD5C9 /* InMemoryRepositoryTests.swift */; };
		4B26276E262C50F7006FD5C9 /* DataAccessFixture.swift in Sources */ = {isa = PBXBuildFile; fileRef = 4B26276D262C50F7006FD5C9 /* DataAccessFixture.swift */; };
		4B2627B9262C925B006FD5C9 /* Configuration.swift in Sources */ = {isa = PBXBuildFile; fileRef = 4B262798262C8CDF006FD5C9 /* Configuration.swift */; };
		4B2627BA262C925C006FD5C9 /* Configuration.swift in Sources */ = {isa = PBXBuildFile; fileRef = 4B262798262C8CDF006FD5C9 /* Configuration.swift */; };
		4B268809262B2431006C4C5B /* ArticlesContainer.swift in Sources */ = {isa = PBXBuildFile; fileRef = 4B268808262B2431006C4C5B /* ArticlesContainer.swift */; };
		4B26881A262B247A006C4C5B /* ReadingListContainer.swift in Sources */ = {isa = PBXBuildFile; fileRef = 4B268819262B247A006C4C5B /* ReadingListContainer.swift */; };
		4B26882A262B3A9D006C4C5B /* ReadingListContainer.swift in Sources */ = {isa = PBXBuildFile; fileRef = 4B268819262B247A006C4C5B /* ReadingListContainer.swift */; };
		4B26882B262B3A9D006C4C5B /* ArticlesContainer.swift in Sources */ = {isa = PBXBuildFile; fileRef = 4B268808262B2431006C4C5B /* ArticlesContainer.swift */; };
		4B268832262B48AF006C4C5B /* InMemoryReadingListRepository.swift in Sources */ = {isa = PBXBuildFile; fileRef = 4B268831262B48AF006C4C5B /* InMemoryReadingListRepository.swift */; };
		4B268839262B4925006C4C5B /* InMemoryRepository.swift in Sources */ = {isa = PBXBuildFile; fileRef = 4B268838262B4925006C4C5B /* InMemoryRepository.swift */; };
		4B26883A262B4925006C4C5B /* InMemoryRepository.swift in Sources */ = {isa = PBXBuildFile; fileRef = 4B268838262B4925006C4C5B /* InMemoryRepository.swift */; };
		4B26884D262C377A006C4C5B /* RepositoryError.swift in Sources */ = {isa = PBXBuildFile; fileRef = 4B26884C262C377A006C4C5B /* RepositoryError.swift */; };
		4B26884E262C377A006C4C5B /* RepositoryError.swift in Sources */ = {isa = PBXBuildFile; fileRef = 4B26884C262C377A006C4C5B /* RepositoryError.swift */; };
		4B27123426AC768F007BC48C /* AppView.swift in Sources */ = {isa = PBXBuildFile; fileRef = 4B27123326AC7689007BC48C /* AppView.swift */; };
		4B27123926AC77F8007BC48C /* AppView.swift in Sources */ = {isa = PBXBuildFile; fileRef = 4B27123826AC77F8007BC48C /* AppView.swift */; };
		4B27123D26AC7D89007BC48C /* Localizable.strings in Resources */ = {isa = PBXBuildFile; fileRef = 4B27124026AC7D89007BC48C /* Localizable.strings */; };
		4B27123E26AC7D89007BC48C /* Localizable.strings in Resources */ = {isa = PBXBuildFile; fileRef = 4B27124026AC7D89007BC48C /* Localizable.strings */; };
		4B3DB051260659FE003B5CD6 /* DevArticles.xcdatamodeld in Sources */ = {isa = PBXBuildFile; fileRef = 4B3DB04F260659FE003B5CD6 /* DevArticles.xcdatamodeld */; };
		4B3DB052260659FE003B5CD6 /* DevArticles.xcdatamodeld in Sources */ = {isa = PBXBuildFile; fileRef = 4B3DB04F260659FE003B5CD6 /* DevArticles.xcdatamodeld */; };
		4B3DB05E26065B0A003B5CD6 /* Persistence.swift in Sources */ = {isa = PBXBuildFile; fileRef = 4B3DB05D26065B0A003B5CD6 /* Persistence.swift */; };
		4B3DB05F26065B0A003B5CD6 /* Persistence.swift in Sources */ = {isa = PBXBuildFile; fileRef = 4B3DB05D26065B0A003B5CD6 /* Persistence.swift */; };
		4B403F09267E355400B8DDF9 /* ArticleContentView.swift in Sources */ = {isa = PBXBuildFile; fileRef = 4B403F08267E355400B8DDF9 /* ArticleContentView.swift */; };
		4B403F0A267E355400B8DDF9 /* ArticleContentView.swift in Sources */ = {isa = PBXBuildFile; fileRef = 4B403F08267E355400B8DDF9 /* ArticleContentView.swift */; };
		4B403F16267F9A9A00B8DDF9 /* ArticleContentRenderer.swift in Sources */ = {isa = PBXBuildFile; fileRef = 4B403F15267F9A9A00B8DDF9 /* ArticleContentRenderer.swift */; };
		4B403F17267F9A9A00B8DDF9 /* ArticleContentRenderer.swift in Sources */ = {isa = PBXBuildFile; fileRef = 4B403F15267F9A9A00B8DDF9 /* ArticleContentRenderer.swift */; };
		4B463763263EEAE900A41C33 /* AppLoadArticlesUseCase.swift in Sources */ = {isa = PBXBuildFile; fileRef = 4B463762263EEAE900A41C33 /* AppLoadArticlesUseCase.swift */; };
		4B463764263EEAE900A41C33 /* AppLoadArticlesUseCase.swift in Sources */ = {isa = PBXBuildFile; fileRef = 4B463762263EEAE900A41C33 /* AppLoadArticlesUseCase.swift */; };
		4B463767263EEB1500A41C33 /* UseCase.swift in Sources */ = {isa = PBXBuildFile; fileRef = 4B463766263EEB1500A41C33 /* UseCase.swift */; };
		4B463768263EEB1500A41C33 /* UseCase.swift in Sources */ = {isa = PBXBuildFile; fileRef = 4B463766263EEB1500A41C33 /* UseCase.swift */; };
		4B46376A263EF5F300A41C33 /* ArticlesUseCase.swift in Sources */ = {isa = PBXBuildFile; fileRef = 4B463769263EF5F300A41C33 /* ArticlesUseCase.swift */; };
		4B46376B263EF5F300A41C33 /* ArticlesUseCase.swift in Sources */ = {isa = PBXBuildFile; fileRef = 4B463769263EF5F300A41C33 /* ArticlesUseCase.swift */; };
		4B46376E263F130F00A41C33 /* AppLoadArticlesUseCaseTests.swift in Sources */ = {isa = PBXBuildFile; fileRef = 4B46376D263F130F00A41C33 /* AppLoadArticlesUseCaseTests.swift */; };
		4B47CA4D26909A2E009BDDEB /* ArticleContentRestDto.swift in Sources */ = {isa = PBXBuildFile; fileRef = 4B47CA4C26909A2E009BDDEB /* ArticleContentRestDto.swift */; };
		4B47CA4E26909A2E009BDDEB /* ArticleContentRestDto.swift in Sources */ = {isa = PBXBuildFile; fileRef = 4B47CA4C26909A2E009BDDEB /* ArticleContentRestDto.swift */; };
		4B47CA5326909B99009BDDEB /* ArticleContent.swift in Sources */ = {isa = PBXBuildFile; fileRef = 4B47CA5226909B99009BDDEB /* ArticleContent.swift */; };
		4B47CA5426909B99009BDDEB /* ArticleContent.swift in Sources */ = {isa = PBXBuildFile; fileRef = 4B47CA5226909B99009BDDEB /* ArticleContent.swift */; };
		4B47CA562690A32B009BDDEB /* ArticleContentViewModel.swift in Sources */ = {isa = PBXBuildFile; fileRef = 4B47CA552690A32B009BDDEB /* ArticleContentViewModel.swift */; };
		4B47CA572690A32B009BDDEB /* ArticleContentViewModel.swift in Sources */ = {isa = PBXBuildFile; fileRef = 4B47CA552690A32B009BDDEB /* ArticleContentViewModel.swift */; };
		4B47CA592690A5B7009BDDEB /* InMemoryArticleContentRepository.swift in Sources */ = {isa = PBXBuildFile; fileRef = 4B47CA582690A5B7009BDDEB /* InMemoryArticleContentRepository.swift */; };
		4B47CA5A2690A5B7009BDDEB /* InMemoryArticleContentRepository.swift in Sources */ = {isa = PBXBuildFile; fileRef = 4B47CA582690A5B7009BDDEB /* InMemoryArticleContentRepository.swift */; };
		4B47CA5F2690DC1D009BDDEB /* AppArticleContentRepository.swift in Sources */ = {isa = PBXBuildFile; fileRef = 4B47CA5E2690DC1D009BDDEB /* AppArticleContentRepository.swift */; };
		4B47CA602690DC1D009BDDEB /* AppArticleContentRepository.swift in Sources */ = {isa = PBXBuildFile; fileRef = 4B47CA5E2690DC1D009BDDEB /* AppArticleContentRepository.swift */; };
		4B47CA622691FEAA009BDDEB /* AppArticleContentRestAdapter.swift in Sources */ = {isa = PBXBuildFile; fileRef = 4B47CA612691FEAA009BDDEB /* AppArticleContentRestAdapter.swift */; };
		4B47CA632691FEAA009BDDEB /* AppArticleContentRestAdapter.swift in Sources */ = {isa = PBXBuildFile; fileRef = 4B47CA612691FEAA009BDDEB /* AppArticleContentRestAdapter.swift */; };
		4B47CA65269200EE009BDDEB /* AppArticleContentRestAdapterTest.swift in Sources */ = {isa = PBXBuildFile; fileRef = 4B47CA64269200EE009BDDEB /* AppArticleContentRestAdapterTest.swift */; };
		4B47CA672692016A009BDDEB /* ArticleContentFixture.swift in Sources */ = {isa = PBXBuildFile; fileRef = 4B47CA662692016A009BDDEB /* ArticleContentFixture.swift */; };
		4B47CA6B26921124009BDDEB /* ArticleContentViewModelTest.swift in Sources */ = {isa = PBXBuildFile; fileRef = 4B47CA6A26921124009BDDEB /* ArticleContentViewModelTest.swift */; };
		4B47CA6D269211A6009BDDEB /* ArticleContentRestDtoFixture.swift in Sources */ = {isa = PBXBuildFile; fileRef = 4B47CA6C269211A6009BDDEB /* ArticleContentRestDtoFixture.swift */; };
		4B47CA6F26921285009BDDEB /* MockArticleContentRepository.swift in Sources */ = {isa = PBXBuildFile; fileRef = 4B47CA6E26921285009BDDEB /* MockArticleContentRepository.swift */; };
		4B47CA74269B4E41009BDDEB /* ArticleStatsView.swift in Sources */ = {isa = PBXBuildFile; fileRef = 4B47CA73269B4E41009BDDEB /* ArticleStatsView.swift */; };
		4B47CA75269B4E41009BDDEB /* ArticleStatsView.swift in Sources */ = {isa = PBXBuildFile; fileRef = 4B47CA73269B4E41009BDDEB /* ArticleStatsView.swift */; };
		4B47CA77269E00EF009BDDEB /* DateFormatting.swift in Sources */ = {isa = PBXBuildFile; fileRef = 4B47CA76269E00EF009BDDEB /* DateFormatting.swift */; };
		4B47CA7C269E06B5009BDDEB /* Author.swift in Sources */ = {isa = PBXBuildFile; fileRef = 4B47CA7B269E06B5009BDDEB /* Author.swift */; };
		4B47CA7D269E06B5009BDDEB /* Author.swift in Sources */ = {isa = PBXBuildFile; fileRef = 4B47CA7B269E06B5009BDDEB /* Author.swift */; };
		4B47CA81269E080D009BDDEB /* AuthorRestDto.swift in Sources */ = {isa = PBXBuildFile; fileRef = 4B47CA80269E080D009BDDEB /* AuthorRestDto.swift */; };
		4B47CA82269E080D009BDDEB /* AuthorRestDto.swift in Sources */ = {isa = PBXBuildFile; fileRef = 4B47CA80269E080D009BDDEB /* AuthorRestDto.swift */; };
		4B47CA8526A0AB20009BDDEB /* AuthorFixture.swift in Sources */ = {isa = PBXBuildFile; fileRef = 4B47CA8426A0AB20009BDDEB /* AuthorFixture.swift */; };
		4B47CA8A26A0AC84009BDDEB /* AuthorRestDtoFixture.swift in Sources */ = {isa = PBXBuildFile; fileRef = 4B47CA8926A0AC84009BDDEB /* AuthorRestDtoFixture.swift */; };
		4B58FB56267625BC008B2A7C /* AppAddReadingListItemFromArticleUseCase.swift in Sources */ = {isa = PBXBuildFile; fileRef = 4B1F3890265A8B7000D96B71 /* AppAddReadingListItemFromArticleUseCase.swift */; };
		4B58FB5726762716008B2A7C /* InMemoryReadingListRepository.swift in Sources */ = {isa = PBXBuildFile; fileRef = 4B268831262B48AF006C4C5B /* InMemoryReadingListRepository.swift */; };
		4B58FB592676421C008B2A7C /* ContentDivider.swift in Sources */ = {isa = PBXBuildFile; fileRef = 4B58FB582676421C008B2A7C /* ContentDivider.swift */; };
		4B58FB5A2676421C008B2A7C /* ContentDivider.swift in Sources */ = {isa = PBXBuildFile; fileRef = 4B58FB582676421C008B2A7C /* ContentDivider.swift */; };
		4B5C873E266D0C2A004C94A7 /* Color.swift in Sources */ = {isa = PBXBuildFile; fileRef = 4B5C873D266D0C2A004C94A7 /* Color.swift */; };
		4B5C873F266D0C2A004C94A7 /* Color.swift in Sources */ = {isa = PBXBuildFile; fileRef = 4B5C873D266D0C2A004C94A7 /* Color.swift */; };
		4B5C88AF25F3B3B900F375F2 /* ArticlesFixtures.swift in Sources */ = {isa = PBXBuildFile; fileRef = 4BB876BC25D0698F00671A06 /* ArticlesFixtures.swift */; };
		4B5C88B025F3B3B900F375F2 /* MockArticlesRepository.swift in Sources */ = {isa = PBXBuildFile; fileRef = 4BB876BE25D0698F00671A06 /* MockArticlesRepository.swift */; };
		4B5C88B125F3B3B900F375F2 /* AppArticlesRestAdapterTests.swift in Sources */ = {isa = PBXBuildFile; fileRef = 4BB876BD25D0698F00671A06 /* AppArticlesRestAdapterTests.swift */; };
		4B5C88B325F3B3B900F375F2 /* ArticlesViewModelTests.swift in Sources */ = {isa = PBXBuildFile; fileRef = 4BB876D325D069A700671A06 /* ArticlesViewModelTests.swift */; };
		4B5C88B425F3B3B900F375F2 /* helpers.swift in Sources */ = {isa = PBXBuildFile; fileRef = 4BFE153F25E2A23A00660C50 /* helpers.swift */; };
		4B5E1B6C26A44648007561F4 /* Application.swift in Sources */ = {isa = PBXBuildFile; fileRef = 4B5E1B6B26A44648007561F4 /* Application.swift */; };
		4B5E1B6D26A44648007561F4 /* Application.swift in Sources */ = {isa = PBXBuildFile; fileRef = 4B5E1B6B26A44648007561F4 /* Application.swift */; };
		4B6AD7B626076C13009EA5E7 /* ReadingListItemDbDto+CoreDataClass.swift in Sources */ = {isa = PBXBuildFile; fileRef = 4B6AD7B426076C13009EA5E7 /* ReadingListItemDbDto+CoreDataClass.swift */; };
		4B6AD7B726076C13009EA5E7 /* ReadingListItemDbDto+CoreDataProperties.swift in Sources */ = {isa = PBXBuildFile; fileRef = 4B6AD7B526076C13009EA5E7 /* ReadingListItemDbDto+CoreDataProperties.swift */; };
		4B6AD7C926078280009EA5E7 /* CoreDataReadingListRepository.swift in Sources */ = {isa = PBXBuildFile; fileRef = 4B6AD7C826078280009EA5E7 /* CoreDataReadingListRepository.swift */; };
		4B6AD7CA26078280009EA5E7 /* CoreDataReadingListRepository.swift in Sources */ = {isa = PBXBuildFile; fileRef = 4B6AD7C826078280009EA5E7 /* CoreDataReadingListRepository.swift */; };
		4B6AD7EA26078630009EA5E7 /* ReadingListRepository.swift in Sources */ = {isa = PBXBuildFile; fileRef = 4B6AD7E926078630009EA5E7 /* ReadingListRepository.swift */; };
		4B6AD7EB26078630009EA5E7 /* ReadingListRepository.swift in Sources */ = {isa = PBXBuildFile; fileRef = 4B6AD7E926078630009EA5E7 /* ReadingListRepository.swift */; };
		4B6AD7F226078ABD009EA5E7 /* ReadingListItem.swift in Sources */ = {isa = PBXBuildFile; fileRef = 4B6AD7F126078ABD009EA5E7 /* ReadingListItem.swift */; };
		4B6AD7F326078ABD009EA5E7 /* ReadingListItem.swift in Sources */ = {isa = PBXBuildFile; fileRef = 4B6AD7F126078ABD009EA5E7 /* ReadingListItem.swift */; };
		4B6AD8112607C4EA009EA5E7 /* ReadingListItemDbDto+CoreDataProperties.swift in Sources */ = {isa = PBXBuildFile; fileRef = 4B6AD7B526076C13009EA5E7 /* ReadingListItemDbDto+CoreDataProperties.swift */; };
		4B6AD8172607C4ED009EA5E7 /* ReadingListItemDbDto+CoreDataClass.swift in Sources */ = {isa = PBXBuildFile; fileRef = 4B6AD7B426076C13009EA5E7 /* ReadingListItemDbDto+CoreDataClass.swift */; };
		4B72346125CF12E400766126 /* AppArticlesRestAdapter.swift in Sources */ = {isa = PBXBuildFile; fileRef = 4B72346025CF12E400766126 /* AppArticlesRestAdapter.swift */; };
		4B72346225CF12E400766126 /* AppArticlesRestAdapter.swift in Sources */ = {isa = PBXBuildFile; fileRef = 4B72346025CF12E400766126 /* AppArticlesRestAdapter.swift */; };
		4B7BACB525E180A3004A0C4B /* AppContainer.swift in Sources */ = {isa = PBXBuildFile; fileRef = 4B7BACB425E180A3004A0C4B /* AppContainer.swift */; };
		4B7BACB625E180A3004A0C4B /* AppContainer.swift in Sources */ = {isa = PBXBuildFile; fileRef = 4B7BACB425E180A3004A0C4B /* AppContainer.swift */; };
		4B93DBC325F3C18400DBCFA2 /* ArticleRestDto.swift in Sources */ = {isa = PBXBuildFile; fileRef = 4B93DBC225F3C18400DBCFA2 /* ArticleRestDto.swift */; };
		4B93DBC425F3C18400DBCFA2 /* ArticleRestDto.swift in Sources */ = {isa = PBXBuildFile; fileRef = 4B93DBC225F3C18400DBCFA2 /* ArticleRestDto.swift */; };
		4BA500AD25D97467005AD7D8 /* ArticlesView.swift in Sources */ = {isa = PBXBuildFile; fileRef = 4BA500AC25D97467005AD7D8 /* ArticlesView.swift */; };
		4BA500AE25D97467005AD7D8 /* ArticlesView.swift in Sources */ = {isa = PBXBuildFile; fileRef = 4BA500AC25D97467005AD7D8 /* ArticlesView.swift */; };
		4BA81A3C2617935000F0F1C1 /* Array.swift in Sources */ = {isa = PBXBuildFile; fileRef = 4BAAA28C2610E7720061F30C /* Array.swift */; };
		4BA81A422617935100F0F1C1 /* Array.swift in Sources */ = {isa = PBXBuildFile; fileRef = 4BAAA28C2610E7720061F30C /* Array.swift */; };
		4BA81A53261A108000F0F1C1 /* BookmarkView.swift in Sources */ = {isa = PBXBuildFile; fileRef = 4BA81A52261A108000F0F1C1 /* BookmarkView.swift */; };
		4BA81A54261A108000F0F1C1 /* BookmarkView.swift in Sources */ = {isa = PBXBuildFile; fileRef = 4BA81A52261A108000F0F1C1 /* BookmarkView.swift */; };
		4BA81A5B261B449F00F0F1C1 /* MockReadingListRepository.swift in Sources */ = {isa = PBXBuildFile; fileRef = 4BA81A5A261B449F00F0F1C1 /* MockReadingListRepository.swift */; };
		4BAAA257260F91AC0061F30C /* CoreDataReadingListRepositoryTests.swift in Sources */ = {isa = PBXBuildFile; fileRef = 4BAAA256260F91AC0061F30C /* CoreDataReadingListRepositoryTests.swift */; };
		4BAAA263260F98CD0061F30C /* ReadingListFixture.swift in Sources */ = {isa = PBXBuildFile; fileRef = 4BAAA262260F98CD0061F30C /* ReadingListFixture.swift */; };
		4BAAA2772610DEA50061F30C /* ArrayTests.swift in Sources */ = {isa = PBXBuildFile; fileRef = 4BAAA2762610DEA50061F30C /* ArrayTests.swift */; };
		4BBBD3C826624EAA0035F2CA /* Tests iOS.swift in Sources */ = {isa = PBXBuildFile; fileRef = 4BBBD3C726624EAA0035F2CA /* Tests iOS.swift */; };
		4BBBD3CA266250B60035F2CA /* ArticleDetailsView.swift in Sources */ = {isa = PBXBuildFile; fileRef = 4BBBD3C9266250B60035F2CA /* ArticleDetailsView.swift */; };
		4BBBD3CB266250B60035F2CA /* ArticleDetailsView.swift in Sources */ = {isa = PBXBuildFile; fileRef = 4BBBD3C9266250B60035F2CA /* ArticleDetailsView.swift */; };
		4BBBD3D6266253DB0035F2CA /* AsyncView.swift in Sources */ = {isa = PBXBuildFile; fileRef = 4BBBD3D5266253DB0035F2CA /* AsyncView.swift */; };
		4BBBD3D7266253DB0035F2CA /* AsyncView.swift in Sources */ = {isa = PBXBuildFile; fileRef = 4BBBD3D5266253DB0035F2CA /* AsyncView.swift */; };
		4BBBD3D9266254020035F2CA /* LoadingState.swift in Sources */ = {isa = PBXBuildFile; fileRef = 4BBBD3D8266254020035F2CA /* LoadingState.swift */; };
		4BBBD3DA266254020035F2CA /* LoadingState.swift in Sources */ = {isa = PBXBuildFile; fileRef = 4BBBD3D8266254020035F2CA /* LoadingState.swift */; };
		4BBBD3DC2662570A0035F2CA /* AsyncViewModel.swift in Sources */ = {isa = PBXBuildFile; fileRef = 4BBBD3DB2662570A0035F2CA /* AsyncViewModel.swift */; };
		4BBBD3DD2662570A0035F2CA /* AsyncViewModel.swift in Sources */ = {isa = PBXBuildFile; fileRef = 4BBBD3DB2662570A0035F2CA /* AsyncViewModel.swift */; };
		4BC357DA263DC37500B3B215 /* AppArticlesRepository.swift in Sources */ = {isa = PBXBuildFile; fileRef = 4BC357D9263DC37500B3B215 /* AppArticlesRepository.swift */; };
		4BC357DB263DC37500B3B215 /* AppArticlesRepository.swift in Sources */ = {isa = PBXBuildFile; fileRef = 4BC357D9263DC37500B3B215 /* AppArticlesRepository.swift */; };
		4BC96BFC25CF0EE90081B8FF /* Assets.xcassets in Resources */ = {isa = PBXBuildFile; fileRef = 4BC96BD125CF0EE90081B8FF /* Assets.xcassets */; };
		4BC96BFD25CF0EE90081B8FF /* Assets.xcassets in Resources */ = {isa = PBXBuildFile; fileRef = 4BC96BD125CF0EE90081B8FF /* Assets.xcassets */; };
		4BC96C1225CF0F430081B8FF /* ArticlesViewModel.swift in Sources */ = {isa = PBXBuildFile; fileRef = 4BC96C1125CF0F430081B8FF /* ArticlesViewModel.swift */; };
		4BC96C1325CF0F430081B8FF /* ArticlesViewModel.swift in Sources */ = {isa = PBXBuildFile; fileRef = 4BC96C1125CF0F430081B8FF /* ArticlesViewModel.swift */; };
		4BC96C2025CF103C0081B8FF /* Article.swift in Sources */ = {isa = PBXBuildFile; fileRef = 4BC96C1F25CF103C0081B8FF /* Article.swift */; };
		4BC96C2125CF103C0081B8FF /* Article.swift in Sources */ = {isa = PBXBuildFile; fileRef = 4BC96C1F25CF103C0081B8FF /* Article.swift */; };
		4BE4FA4225D999CD006D355E /* InMemoryArticlesRepository.swift in Sources */ = {isa = PBXBuildFile; fileRef = 4BE4FA4125D999CD006D355E /* InMemoryArticlesRepository.swift */; };
		4BE4FA4325D999CD006D355E /* InMemoryArticlesRepository.swift in Sources */ = {isa = PBXBuildFile; fileRef = 4BE4FA4125D999CD006D355E /* InMemoryArticlesRepository.swift */; };
		4BE4FA4B25D99E36006D355E /* Collection.swift in Sources */ = {isa = PBXBuildFile; fileRef = 4BE4FA4A25D99E36006D355E /* Collection.swift */; };
		4BE4FA4C25D99E36006D355E /* Collection.swift in Sources */ = {isa = PBXBuildFile; fileRef = 4BE4FA4A25D99E36006D355E /* Collection.swift */; };
		4BFB0A8F266CEEDE00D97EBE /* AsyncImage.swift in Sources */ = {isa = PBXBuildFile; fileRef = 4BFB0A8E266CEEDE00D97EBE /* AsyncImage.swift */; };
		4BFB0A90266CEEDE00D97EBE /* AsyncImage.swift in Sources */ = {isa = PBXBuildFile; fileRef = 4BFB0A8E266CEEDE00D97EBE /* AsyncImage.swift */; };
		E1A0E1453A5D24B5FDE27B56 /* MockHttpClient.swift in Sources */ = {isa = PBXBuildFile; fileRef = E1A0ECD52E3577D81145B8E2 /* MockHttpClient.swift */; };
		E1A0E3F70B5F627D3EBC0ADC /* RestClient.swift in Sources */ = {isa = PBXBuildFile; fileRef = E1A0EC975580C43B543CE57D /* RestClient.swift */; };
		E1A0EE431C9E745D859AC967 /* RestClient.swift in Sources */ = {isa = PBXBuildFile; fileRef = E1A0EC975580C43B543CE57D /* RestClient.swift */; };
/* End PBXBuildFile section */

/* Begin PBXContainerItemProxy section */
		4B5C88A025F3B39C00F375F2 /* PBXContainerItemProxy */ = {
			isa = PBXContainerItemProxy;
			containerPortal = 4BC96BCA25CF0EE80081B8FF /* Project object */;
			proxyType = 1;
			remoteGlobalIDString = 4BC96BD525CF0EE90081B8FF;
			remoteInfo = "dev-articles (iOS)";
		};
		4BC96BE725CF0EE90081B8FF /* PBXContainerItemProxy */ = {
			isa = PBXContainerItemProxy;
			containerPortal = 4BC96BCA25CF0EE80081B8FF /* Project object */;
			proxyType = 1;
			remoteGlobalIDString = 4BC96BD525CF0EE90081B8FF;
			remoteInfo = "dev-articles (iOS)";
		};
		4BC96BF225CF0EE90081B8FF /* PBXContainerItemProxy */ = {
			isa = PBXContainerItemProxy;
			containerPortal = 4BC96BCA25CF0EE80081B8FF /* Project object */;
			proxyType = 1;
			remoteGlobalIDString = 4BC96BDD25CF0EE90081B8FF;
			remoteInfo = "dev-articles (macOS)";
		};
/* End PBXContainerItemProxy section */

/* Begin PBXFileReference section */
		4B03E6D425FCEAFD000A6F7A /* ArticleView.swift */ = {isa = PBXFileReference; fileEncoding = 4; lastKnownFileType = sourcecode.swift; path = ArticleView.swift; sourceTree = "<group>"; };
		4B0E03A926A73E34005C7D4E /* Spacing.swift */ = {isa = PBXFileReference; lastKnownFileType = sourcecode.swift; path = Spacing.swift; sourceTree = "<group>"; };
		4B0E03AD26A89822005C7D4E /* Tests macOS.swift */ = {isa = PBXFileReference; lastKnownFileType = sourcecode.swift; path = "Tests macOS.swift"; sourceTree = "<group>"; };
		4B1F3890265A8B7000D96B71 /* AppAddReadingListItemFromArticleUseCase.swift */ = {isa = PBXFileReference; lastKnownFileType = sourcecode.swift; path = AppAddReadingListItemFromArticleUseCase.swift; sourceTree = "<group>"; };
		4B1F3894265A8D8100D96B71 /* AppAddReadingListItemFromArticleUserCase.swift */ = {isa = PBXFileReference; lastKnownFileType = sourcecode.swift; path = AppAddReadingListItemFromArticleUserCase.swift; sourceTree = "<group>"; };
		4B1F389B265ABA2C00D96B71 /* ReadingListUseCase.swift */ = {isa = PBXFileReference; lastKnownFileType = sourcecode.swift; path = ReadingListUseCase.swift; sourceTree = "<group>"; };
		4B1F389E265ABBEE00D96B71 /* ArticlesUseCaseFixture.swift */ = {isa = PBXFileReference; lastKnownFileType = sourcecode.swift; path = ArticlesUseCaseFixture.swift; sourceTree = "<group>"; };
		4B1F38A0265ABE7200D96B71 /* ReadingListUseCaseFixture.swift */ = {isa = PBXFileReference; lastKnownFileType = sourcecode.swift; path = ReadingListUseCaseFixture.swift; sourceTree = "<group>"; };
		4B1F38A3265BD49300D96B71 /* ArticleTests.swift */ = {isa = PBXFileReference; lastKnownFileType = sourcecode.swift; path = ArticleTests.swift; sourceTree = "<group>"; };
		4B243D992669045100E5E7EB /* ArticleRestDtoFixture.swift */ = {isa = PBXFileReference; lastKnownFileType = sourcecode.swift; path = ArticleRestDtoFixture.swift; sourceTree = "<group>"; };
		4B243D9B2669070900E5E7EB /* DateFormatting.swift */ = {isa = PBXFileReference; lastKnownFileType = sourcecode.swift; path = DateFormatting.swift; sourceTree = "<group>"; };
		4B243DA326690F2000E5E7EB /* operators.swift */ = {isa = PBXFileReference; lastKnownFileType = sourcecode.swift; path = operators.swift; sourceTree = "<group>"; };
		4B24F8A325F3E2D20088EE1B /* HttpClient.swift */ = {isa = PBXFileReference; lastKnownFileType = sourcecode.swift; path = HttpClient.swift; sourceTree = "<group>"; };
		4B262735262C3AF0006FD5C9 /* HttpError.swift */ = {isa = PBXFileReference; lastKnownFileType = sourcecode.swift; path = HttpError.swift; sourceTree = "<group>"; };
		4B262766262C5075006FD5C9 /* InMemoryRepositoryTests.swift */ = {isa = PBXFileReference; lastKnownFileType = sourcecode.swift; path = InMemoryRepositoryTests.swift; sourceTree = "<group>"; };
		4B26276D262C50F7006FD5C9 /* DataAccessFixture.swift */ = {isa = PBXFileReference; lastKnownFileType = sourcecode.swift; path = DataAccessFixture.swift; sourceTree = "<group>"; };
		4B262798262C8CDF006FD5C9 /* Configuration.swift */ = {isa = PBXFileReference; lastKnownFileType = sourcecode.swift; path = Configuration.swift; sourceTree = "<group>"; };
		4B268808262B2431006C4C5B /* ArticlesContainer.swift */ = {isa = PBXFileReference; lastKnownFileType = sourcecode.swift; path = ArticlesContainer.swift; sourceTree = "<group>"; };
		4B268819262B247A006C4C5B /* ReadingListContainer.swift */ = {isa = PBXFileReference; lastKnownFileType = sourcecode.swift; path = ReadingListContainer.swift; sourceTree = "<group>"; };
		4B268831262B48AF006C4C5B /* InMemoryReadingListRepository.swift */ = {isa = PBXFileReference; lastKnownFileType = sourcecode.swift; path = InMemoryReadingListRepository.swift; sourceTree = "<group>"; };
		4B268838262B4925006C4C5B /* InMemoryRepository.swift */ = {isa = PBXFileReference; lastKnownFileType = sourcecode.swift; path = InMemoryRepository.swift; sourceTree = "<group>"; };
		4B26884C262C377A006C4C5B /* RepositoryError.swift */ = {isa = PBXFileReference; lastKnownFileType = sourcecode.swift; path = RepositoryError.swift; sourceTree = "<group>"; };
		4B27123326AC7689007BC48C /* AppView.swift */ = {isa = PBXFileReference; lastKnownFileType = sourcecode.swift; path = AppView.swift; sourceTree = "<group>"; };
		4B27123826AC77F8007BC48C /* AppView.swift */ = {isa = PBXFileReference; lastKnownFileType = sourcecode.swift; path = AppView.swift; sourceTree = "<group>"; };
		4B27123F26AC7D89007BC48C /* en */ = {isa = PBXFileReference; lastKnownFileType = text.plist.strings; name = en; path = en.lproj/Localizable.strings; sourceTree = "<group>"; };
		4B27124126AC7D8E007BC48C /* de */ = {isa = PBXFileReference; lastKnownFileType = text.plist.strings; name = de; path = de.lproj/Localizable.strings; sourceTree = "<group>"; };
		4B3DB050260659FE003B5CD6 /* DevArticles.xcdatamodel */ = {isa = PBXFileReference; lastKnownFileType = wrapper.xcdatamodel; path = DevArticles.xcdatamodel; sourceTree = "<group>"; };
		4B3DB05D26065B0A003B5CD6 /* Persistence.swift */ = {isa = PBXFileReference; lastKnownFileType = sourcecode.swift; path = Persistence.swift; sourceTree = "<group>"; };
		4B403F08267E355400B8DDF9 /* ArticleContentView.swift */ = {isa = PBXFileReference; lastKnownFileType = sourcecode.swift; path = ArticleContentView.swift; sourceTree = "<group>"; };
		4B403F15267F9A9A00B8DDF9 /* ArticleContentRenderer.swift */ = {isa = PBXFileReference; lastKnownFileType = sourcecode.swift; path = ArticleContentRenderer.swift; sourceTree = "<group>"; };
		4B463762263EEAE900A41C33 /* AppLoadArticlesUseCase.swift */ = {isa = PBXFileReference; lastKnownFileType = sourcecode.swift; path = AppLoadArticlesUseCase.swift; sourceTree = "<group>"; };
		4B463766263EEB1500A41C33 /* UseCase.swift */ = {isa = PBXFileReference; lastKnownFileType = sourcecode.swift; path = UseCase.swift; sourceTree = "<group>"; };
		4B463769263EF5F300A41C33 /* ArticlesUseCase.swift */ = {isa = PBXFileReference; lastKnownFileType = sourcecode.swift; path = ArticlesUseCase.swift; sourceTree = "<group>"; };
		4B46376D263F130F00A41C33 /* AppLoadArticlesUseCaseTests.swift */ = {isa = PBXFileReference; lastKnownFileType = sourcecode.swift; path = AppLoadArticlesUseCaseTests.swift; sourceTree = "<group>"; };
		4B47CA4C26909A2E009BDDEB /* ArticleContentRestDto.swift */ = {isa = PBXFileReference; lastKnownFileType = sourcecode.swift; path = ArticleContentRestDto.swift; sourceTree = "<group>"; };
		4B47CA5226909B99009BDDEB /* ArticleContent.swift */ = {isa = PBXFileReference; lastKnownFileType = sourcecode.swift; path = ArticleContent.swift; sourceTree = "<group>"; };
		4B47CA552690A32B009BDDEB /* ArticleContentViewModel.swift */ = {isa = PBXFileReference; lastKnownFileType = sourcecode.swift; path = ArticleContentViewModel.swift; sourceTree = "<group>"; };
		4B47CA582690A5B7009BDDEB /* InMemoryArticleContentRepository.swift */ = {isa = PBXFileReference; lastKnownFileType = sourcecode.swift; path = InMemoryArticleContentRepository.swift; sourceTree = "<group>"; };
		4B47CA5E2690DC1D009BDDEB /* AppArticleContentRepository.swift */ = {isa = PBXFileReference; lastKnownFileType = sourcecode.swift; path = AppArticleContentRepository.swift; sourceTree = "<group>"; };
		4B47CA612691FEAA009BDDEB /* AppArticleContentRestAdapter.swift */ = {isa = PBXFileReference; lastKnownFileType = sourcecode.swift; path = AppArticleContentRestAdapter.swift; sourceTree = "<group>"; };
		4B47CA64269200EE009BDDEB /* AppArticleContentRestAdapterTest.swift */ = {isa = PBXFileReference; lastKnownFileType = sourcecode.swift; path = AppArticleContentRestAdapterTest.swift; sourceTree = "<group>"; };
		4B47CA662692016A009BDDEB /* ArticleContentFixture.swift */ = {isa = PBXFileReference; lastKnownFileType = sourcecode.swift; path = ArticleContentFixture.swift; sourceTree = "<group>"; };
		4B47CA6A26921124009BDDEB /* ArticleContentViewModelTest.swift */ = {isa = PBXFileReference; lastKnownFileType = sourcecode.swift; path = ArticleContentViewModelTest.swift; sourceTree = "<group>"; };
		4B47CA6C269211A6009BDDEB /* ArticleContentRestDtoFixture.swift */ = {isa = PBXFileReference; lastKnownFileType = sourcecode.swift; path = ArticleContentRestDtoFixture.swift; sourceTree = "<group>"; };
		4B47CA6E26921285009BDDEB /* MockArticleContentRepository.swift */ = {isa = PBXFileReference; lastKnownFileType = sourcecode.swift; path = MockArticleContentRepository.swift; sourceTree = "<group>"; };
		4B47CA73269B4E41009BDDEB /* ArticleStatsView.swift */ = {isa = PBXFileReference; lastKnownFileType = sourcecode.swift; path = ArticleStatsView.swift; sourceTree = "<group>"; };
		4B47CA76269E00EF009BDDEB /* DateFormatting.swift */ = {isa = PBXFileReference; lastKnownFileType = sourcecode.swift; path = DateFormatting.swift; sourceTree = "<group>"; };
		4B47CA7B269E06B5009BDDEB /* Author.swift */ = {isa = PBXFileReference; lastKnownFileType = sourcecode.swift; path = Author.swift; sourceTree = "<group>"; };
		4B47CA80269E080D009BDDEB /* AuthorRestDto.swift */ = {isa = PBXFileReference; lastKnownFileType = sourcecode.swift; path = AuthorRestDto.swift; sourceTree = "<group>"; };
		4B47CA8426A0AB20009BDDEB /* AuthorFixture.swift */ = {isa = PBXFileReference; lastKnownFileType = sourcecode.swift; path = AuthorFixture.swift; sourceTree = "<group>"; };
		4B47CA8926A0AC84009BDDEB /* AuthorRestDtoFixture.swift */ = {isa = PBXFileReference; lastKnownFileType = sourcecode.swift; path = AuthorRestDtoFixture.swift; sourceTree = "<group>"; };
		4B58FB582676421C008B2A7C /* ContentDivider.swift */ = {isa = PBXFileReference; lastKnownFileType = sourcecode.swift; path = ContentDivider.swift; sourceTree = "<group>"; };
		4B5C873D266D0C2A004C94A7 /* Color.swift */ = {isa = PBXFileReference; lastKnownFileType = sourcecode.swift; path = Color.swift; sourceTree = "<group>"; };
		4B5C889B25F3B39C00F375F2 /* Tests Shared.xctest */ = {isa = PBXFileReference; explicitFileType = wrapper.cfbundle; includeInIndex = 0; path = "Tests Shared.xctest"; sourceTree = BUILT_PRODUCTS_DIR; };
		4B5E1B6B26A44648007561F4 /* Application.swift */ = {isa = PBXFileReference; lastKnownFileType = sourcecode.swift; path = Application.swift; sourceTree = "<group>"; };
		4B6AD7B426076C13009EA5E7 /* ReadingListItemDbDto+CoreDataClass.swift */ = {isa = PBXFileReference; lastKnownFileType = sourcecode.swift; path = "ReadingListItemDbDto+CoreDataClass.swift"; sourceTree = "<group>"; };
		4B6AD7B526076C13009EA5E7 /* ReadingListItemDbDto+CoreDataProperties.swift */ = {isa = PBXFileReference; lastKnownFileType = sourcecode.swift; path = "ReadingListItemDbDto+CoreDataProperties.swift"; sourceTree = "<group>"; };
		4B6AD7C826078280009EA5E7 /* CoreDataReadingListRepository.swift */ = {isa = PBXFileReference; lastKnownFileType = sourcecode.swift; path = CoreDataReadingListRepository.swift; sourceTree = "<group>"; };
		4B6AD7E926078630009EA5E7 /* ReadingListRepository.swift */ = {isa = PBXFileReference; lastKnownFileType = sourcecode.swift; path = ReadingListRepository.swift; sourceTree = "<group>"; };
		4B6AD7F126078ABD009EA5E7 /* ReadingListItem.swift */ = {isa = PBXFileReference; lastKnownFileType = sourcecode.swift; path = ReadingListItem.swift; sourceTree = "<group>"; };
		4B72346025CF12E400766126 /* AppArticlesRestAdapter.swift */ = {isa = PBXFileReference; lastKnownFileType = sourcecode.swift; path = AppArticlesRestAdapter.swift; sourceTree = "<group>"; };
		4B7BACB425E180A3004A0C4B /* AppContainer.swift */ = {isa = PBXFileReference; lastKnownFileType = sourcecode.swift; path = AppContainer.swift; sourceTree = "<group>"; };
		4B93DBC225F3C18400DBCFA2 /* ArticleRestDto.swift */ = {isa = PBXFileReference; lastKnownFileType = sourcecode.swift; path = ArticleRestDto.swift; sourceTree = "<group>"; };
		4BA500AC25D97467005AD7D8 /* ArticlesView.swift */ = {isa = PBXFileReference; lastKnownFileType = sourcecode.swift; path = ArticlesView.swift; sourceTree = "<group>"; };
		4BA81A52261A108000F0F1C1 /* BookmarkView.swift */ = {isa = PBXFileReference; lastKnownFileType = sourcecode.swift; path = BookmarkView.swift; sourceTree = "<group>"; };
		4BA81A5A261B449F00F0F1C1 /* MockReadingListRepository.swift */ = {isa = PBXFileReference; lastKnownFileType = sourcecode.swift; path = MockReadingListRepository.swift; sourceTree = "<group>"; };
		4BAAA256260F91AC0061F30C /* CoreDataReadingListRepositoryTests.swift */ = {isa = PBXFileReference; lastKnownFileType = sourcecode.swift; path = CoreDataReadingListRepositoryTests.swift; sourceTree = "<group>"; };
		4BAAA262260F98CD0061F30C /* ReadingListFixture.swift */ = {isa = PBXFileReference; lastKnownFileType = sourcecode.swift; path = ReadingListFixture.swift; sourceTree = "<group>"; };
		4BAAA2762610DEA50061F30C /* ArrayTests.swift */ = {isa = PBXFileReference; lastKnownFileType = sourcecode.swift; path = ArrayTests.swift; sourceTree = "<group>"; };
		4BAAA28C2610E7720061F30C /* Array.swift */ = {isa = PBXFileReference; lastKnownFileType = sourcecode.swift; path = Array.swift; sourceTree = "<group>"; };
		4BB875DC25D0431300671A06 /* Info.plist */ = {isa = PBXFileReference; lastKnownFileType = text.plist.xml; path = Info.plist; sourceTree = "<group>"; };
		4BB876BC25D0698F00671A06 /* ArticlesFixtures.swift */ = {isa = PBXFileReference; lastKnownFileType = sourcecode.swift; path = ArticlesFixtures.swift; sourceTree = "<group>"; };
		4BB876BD25D0698F00671A06 /* AppArticlesRestAdapterTests.swift */ = {isa = PBXFileReference; lastKnownFileType = sourcecode.swift; path = AppArticlesRestAdapterTests.swift; sourceTree = "<group>"; };
		4BB876BE25D0698F00671A06 /* MockArticlesRepository.swift */ = {isa = PBXFileReference; lastKnownFileType = sourcecode.swift; path = MockArticlesRepository.swift; sourceTree = "<group>"; };
		4BB876D325D069A700671A06 /* ArticlesViewModelTests.swift */ = {isa = PBXFileReference; lastKnownFileType = sourcecode.swift; path = ArticlesViewModelTests.swift; sourceTree = "<group>"; };
		4BBBD3C726624EAA0035F2CA /* Tests iOS.swift */ = {isa = PBXFileReference; lastKnownFileType = sourcecode.swift; path = "Tests iOS.swift"; sourceTree = "<group>"; };
		4BBBD3C9266250B60035F2CA /* ArticleDetailsView.swift */ = {isa = PBXFileReference; lastKnownFileType = sourcecode.swift; path = ArticleDetailsView.swift; sourceTree = "<group>"; };
		4BBBD3D5266253DB0035F2CA /* AsyncView.swift */ = {isa = PBXFileReference; lastKnownFileType = sourcecode.swift; path = AsyncView.swift; sourceTree = "<group>"; };
		4BBBD3D8266254020035F2CA /* LoadingState.swift */ = {isa = PBXFileReference; lastKnownFileType = sourcecode.swift; path = LoadingState.swift; sourceTree = "<group>"; };
		4BBBD3DB2662570A0035F2CA /* AsyncViewModel.swift */ = {isa = PBXFileReference; lastKnownFileType = sourcecode.swift; path = AsyncViewModel.swift; sourceTree = "<group>"; };
		4BC357D9263DC37500B3B215 /* AppArticlesRepository.swift */ = {isa = PBXFileReference; lastKnownFileType = sourcecode.swift; path = AppArticlesRepository.swift; sourceTree = "<group>"; };
		4BC96BD125CF0EE90081B8FF /* Assets.xcassets */ = {isa = PBXFileReference; lastKnownFileType = folder.assetcatalog; path = Assets.xcassets; sourceTree = "<group>"; };
		4BC96BD625CF0EE90081B8FF /* dev-articles.app */ = {isa = PBXFileReference; explicitFileType = wrapper.application; includeInIndex = 0; path = "dev-articles.app"; sourceTree = BUILT_PRODUCTS_DIR; };
		4BC96BD925CF0EE90081B8FF /* Info.plist */ = {isa = PBXFileReference; lastKnownFileType = text.plist.xml; path = Info.plist; sourceTree = "<group>"; };
		4BC96BDE25CF0EE90081B8FF /* dev-articles.app */ = {isa = PBXFileReference; explicitFileType = wrapper.application; includeInIndex = 0; path = "dev-articles.app"; sourceTree = BUILT_PRODUCTS_DIR; };
		4BC96BE025CF0EE90081B8FF /* Info.plist */ = {isa = PBXFileReference; lastKnownFileType = text.plist.xml; path = Info.plist; sourceTree = "<group>"; };
		4BC96BE125CF0EE90081B8FF /* macOS.entitlements */ = {isa = PBXFileReference; lastKnownFileType = text.plist.entitlements; path = macOS.entitlements; sourceTree = "<group>"; };
		4BC96BE625CF0EE90081B8FF /* Tests iOS.xctest */ = {isa = PBXFileReference; explicitFileType = wrapper.cfbundle; includeInIndex = 0; path = "Tests iOS.xctest"; sourceTree = BUILT_PRODUCTS_DIR; };
		4BC96BEC25CF0EE90081B8FF /* Info.plist */ = {isa = PBXFileReference; lastKnownFileType = text.plist.xml; path = Info.plist; sourceTree = "<group>"; };
		4BC96BF125CF0EE90081B8FF /* Tests macOS.xctest */ = {isa = PBXFileReference; explicitFileType = wrapper.cfbundle; includeInIndex = 0; path = "Tests macOS.xctest"; sourceTree = BUILT_PRODUCTS_DIR; };
		4BC96BF725CF0EE90081B8FF /* Info.plist */ = {isa = PBXFileReference; lastKnownFileType = text.plist.xml; path = Info.plist; sourceTree = "<group>"; };
		4BC96C1125CF0F430081B8FF /* ArticlesViewModel.swift */ = {isa = PBXFileReference; lastKnownFileType = sourcecode.swift; path = ArticlesViewModel.swift; sourceTree = "<group>"; };
		4BC96C1F25CF103C0081B8FF /* Article.swift */ = {isa = PBXFileReference; lastKnownFileType = sourcecode.swift; path = Article.swift; sourceTree = "<group>"; };
		4BE4FA4125D999CD006D355E /* InMemoryArticlesRepository.swift */ = {isa = PBXFileReference; lastKnownFileType = sourcecode.swift; path = InMemoryArticlesRepository.swift; sourceTree = "<group>"; };
		4BE4FA4A25D99E36006D355E /* Collection.swift */ = {isa = PBXFileReference; lastKnownFileType = sourcecode.swift; path = Collection.swift; sourceTree = "<group>"; };
		4BFB0A8E266CEEDE00D97EBE /* AsyncImage.swift */ = {isa = PBXFileReference; lastKnownFileType = sourcecode.swift; path = AsyncImage.swift; sourceTree = "<group>"; };
		4BFE153F25E2A23A00660C50 /* helpers.swift */ = {isa = PBXFileReference; lastKnownFileType = sourcecode.swift; path = helpers.swift; sourceTree = "<group>"; };
		E1A0EC975580C43B543CE57D /* RestClient.swift */ = {isa = PBXFileReference; fileEncoding = 4; lastKnownFileType = sourcecode.swift; path = RestClient.swift; sourceTree = "<group>"; };
		E1A0ECD52E3577D81145B8E2 /* MockHttpClient.swift */ = {isa = PBXFileReference; fileEncoding = 4; lastKnownFileType = sourcecode.swift; path = MockHttpClient.swift; sourceTree = "<group>"; };
/* End PBXFileReference section */

/* Begin PBXFrameworksBuildPhase section */
		4B5C889825F3B39C00F375F2 /* Frameworks */ = {
			isa = PBXFrameworksBuildPhase;
			buildActionMask = 2147483647;
			files = (
			);
			runOnlyForDeploymentPostprocessing = 0;
		};
		4BC96BD325CF0EE90081B8FF /* Frameworks */ = {
			isa = PBXFrameworksBuildPhase;
			buildActionMask = 2147483647;
			files = (
			);
			runOnlyForDeploymentPostprocessing = 0;
		};
		4BC96BDB25CF0EE90081B8FF /* Frameworks */ = {
			isa = PBXFrameworksBuildPhase;
			buildActionMask = 2147483647;
			files = (
			);
			runOnlyForDeploymentPostprocessing = 0;
		};
		4BC96BE325CF0EE90081B8FF /* Frameworks */ = {
			isa = PBXFrameworksBuildPhase;
			buildActionMask = 2147483647;
			files = (
			);
			runOnlyForDeploymentPostprocessing = 0;
		};
		4BC96BEE25CF0EE90081B8FF /* Frameworks */ = {
			isa = PBXFrameworksBuildPhase;
			buildActionMask = 2147483647;
			files = (
			);
			runOnlyForDeploymentPostprocessing = 0;
		};
/* End PBXFrameworksBuildPhase section */

/* Begin PBXGroup section */
		4B0AFC38262B213900BE94F8 /* articles */ = {
			isa = PBXGroup;
			children = (
				4B268808262B2431006C4C5B /* ArticlesContainer.swift */,
				4B0AFC3C262B21A700BE94F8 /* domain */,
				4B463761263EEABB00A41C33 /* uses-cases */,
				4B0AFC3B262B217200BE94F8 /* data-access */,
				4B0AFC3A262B215900BE94F8 /* views */,
			);
			path = articles;
			sourceTree = "<group>";
		};
		4B0AFC39262B214300BE94F8 /* reading-list */ = {
			isa = PBXGroup;
			children = (
				4B1F388F265A8B4400D96B71 /* uses-cases */,
				4B268819262B247A006C4C5B /* ReadingListContainer.swift */,
				4B0AFC43262B223A00BE94F8 /* domain */,
				4B0AFC42262B222500BE94F8 /* data-access */,
			);
			path = "reading-list";
			sourceTree = "<group>";
		};
		4B0AFC3A262B215900BE94F8 /* views */ = {
			isa = PBXGroup;
			children = (
				4B403F14267F9A6800B8DDF9 /* content */,
				4B03E6D425FCEAFD000A6F7A /* ArticleView.swift */,
				4BC96C1125CF0F430081B8FF /* ArticlesViewModel.swift */,
				4BA500AC25D97467005AD7D8 /* ArticlesView.swift */,
				4BA81A52261A108000F0F1C1 /* BookmarkView.swift */,
				4BBBD3C9266250B60035F2CA /* ArticleDetailsView.swift */,
				4B47CA73269B4E41009BDDEB /* ArticleStatsView.swift */,
			);
			path = views;
			sourceTree = "<group>";
		};
		4B0AFC3B262B217200BE94F8 /* data-access */ = {
			isa = PBXGroup;
			children = (
				4B47CA7026921A9E009BDDEB /* content */,
				4B72346025CF12E400766126 /* AppArticlesRestAdapter.swift */,
				4B93DBC225F3C18400DBCFA2 /* ArticleRestDto.swift */,
				4BE4FA4125D999CD006D355E /* InMemoryArticlesRepository.swift */,
				4BC357D9263DC37500B3B215 /* AppArticlesRepository.swift */,
			);
			path = "data-access";
			sourceTree = "<group>";
		};
		4B0AFC3C262B21A700BE94F8 /* domain */ = {
			isa = PBXGroup;
			children = (
				4BC96C1F25CF103C0081B8FF /* Article.swift */,
				4B47CA5226909B99009BDDEB /* ArticleContent.swift */,
			);
			path = domain;
			sourceTree = "<group>";
		};
		4B0AFC42262B222500BE94F8 /* data-access */ = {
			isa = PBXGroup;
			children = (
				4B6AD7B426076C13009EA5E7 /* ReadingListItemDbDto+CoreDataClass.swift */,
				4B6AD7B526076C13009EA5E7 /* ReadingListItemDbDto+CoreDataProperties.swift */,
				4B6AD7C826078280009EA5E7 /* CoreDataReadingListRepository.swift */,
				4B6AD7E926078630009EA5E7 /* ReadingListRepository.swift */,
				4B268831262B48AF006C4C5B /* InMemoryReadingListRepository.swift */,
			);
			path = "data-access";
			sourceTree = "<group>";
		};
		4B0AFC43262B223A00BE94F8 /* domain */ = {
			isa = PBXGroup;
			children = (
				4B6AD7F126078ABD009EA5E7 /* ReadingListItem.swift */,
			);
			path = domain;
			sourceTree = "<group>";
		};
		4B1F388F265A8B4400D96B71 /* uses-cases */ = {
			isa = PBXGroup;
			children = (
				4B1F3890265A8B7000D96B71 /* AppAddReadingListItemFromArticleUseCase.swift */,
				4B1F389B265ABA2C00D96B71 /* ReadingListUseCase.swift */,
			);
			path = "uses-cases";
			sourceTree = "<group>";
		};
		4B1F3893265A8D5000D96B71 /* uses-cases */ = {
			isa = PBXGroup;
			children = (
				4B1F3894265A8D8100D96B71 /* AppAddReadingListItemFromArticleUserCase.swift */,
				4B1F38A0265ABE7200D96B71 /* ReadingListUseCaseFixture.swift */,
			);
			path = "uses-cases";
			sourceTree = "<group>";
		};
		4B1F38A2265BD47400D96B71 /* domain */ = {
			isa = PBXGroup;
			children = (
				4BB876BC25D0698F00671A06 /* ArticlesFixtures.swift */,
				4B1F38A3265BD49300D96B71 /* ArticleTests.swift */,
			);
			path = domain;
			sourceTree = "<group>";
		};
		4B243DA226690EE900E5E7EB /* combine */ = {
			isa = PBXGroup;
			children = (
				4B243DA326690F2000E5E7EB /* operators.swift */,
			);
			path = combine;
			sourceTree = "<group>";
		};
		4B26273D262C499D006FD5C9 /* reading-list */ = {
			isa = PBXGroup;
			children = (
				4B1F3893265A8D5000D96B71 /* uses-cases */,
				4BAAA262260F98CD0061F30C /* ReadingListFixture.swift */,
				4B262740262C49D4006FD5C9 /* data-access */,
			);
			path = "reading-list";
			sourceTree = "<group>";
		};
		4B26273E262C49A9006FD5C9 /* articles */ = {
			isa = PBXGroup;
			children = (
				4B1F38A2265BD47400D96B71 /* domain */,
				4B47CA662692016A009BDDEB /* ArticleContentFixture.swift */,
				4B26273F262C49BB006FD5C9 /* data-access */,
				4B46376C263F12F200A41C33 /* use-cases */,
				4B262742262C4A1D006FD5C9 /* views */,
			);
			path = articles;
			sourceTree = "<group>";
		};
		4B26273F262C49BB006FD5C9 /* data-access */ = {
			isa = PBXGroup;
			children = (
				4B47CA7126921ABC009BDDEB /* content */,
				4BB876BE25D0698F00671A06 /* MockArticlesRepository.swift */,
				4BB876BD25D0698F00671A06 /* AppArticlesRestAdapterTests.swift */,
				4B243D992669045100E5E7EB /* ArticleRestDtoFixture.swift */,
			);
			path = "data-access";
			sourceTree = "<group>";
		};
		4B262740262C49D4006FD5C9 /* data-access */ = {
			isa = PBXGroup;
			children = (
				4BAAA256260F91AC0061F30C /* CoreDataReadingListRepositoryTests.swift */,
				4BA81A5A261B449F00F0F1C1 /* MockReadingListRepository.swift */,
			);
			path = "data-access";
			sourceTree = "<group>";
		};
		4B262741262C4A03006FD5C9 /* shared */ = {
			isa = PBXGroup;
			children = (
				4B47CA7226921AF2009BDDEB /* data-access */,
				4B47CA682692028A009BDDEB /* http */,
				4BAAA2752610DE9A0061F30C /* foundation */,
			);
			path = shared;
			sourceTree = "<group>";
		};
		4B262742262C4A1D006FD5C9 /* views */ = {
			isa = PBXGroup;
			children = (
				4B47CA69269210FF009BDDEB /* content */,
				4BB876D325D069A700671A06 /* ArticlesViewModelTests.swift */,
			);
			path = views;
			sourceTree = "<group>";
		};
		4B403F14267F9A6800B8DDF9 /* content */ = {
			isa = PBXGroup;
			children = (
				4B403F08267E355400B8DDF9 /* ArticleContentView.swift */,
				4B403F15267F9A9A00B8DDF9 /* ArticleContentRenderer.swift */,
				4B47CA552690A32B009BDDEB /* ArticleContentViewModel.swift */,
			);
			path = content;
			sourceTree = "<group>";
		};
		4B463761263EEABB00A41C33 /* uses-cases */ = {
			isa = PBXGroup;
			children = (
				4B463762263EEAE900A41C33 /* AppLoadArticlesUseCase.swift */,
				4B463769263EF5F300A41C33 /* ArticlesUseCase.swift */,
			);
			path = "uses-cases";
			sourceTree = "<group>";
		};
		4B463765263EEAF500A41C33 /* uses-cases */ = {
			isa = PBXGroup;
			children = (
				4B463766263EEB1500A41C33 /* UseCase.swift */,
			);
			path = "uses-cases";
			sourceTree = "<group>";
		};
		4B46376C263F12F200A41C33 /* use-cases */ = {
			isa = PBXGroup;
			children = (
				4B46376D263F130F00A41C33 /* AppLoadArticlesUseCaseTests.swift */,
				4B1F389E265ABBEE00D96B71 /* ArticlesUseCaseFixture.swift */,
			);
			path = "use-cases";
			sourceTree = "<group>";
		};
		4B47CA682692028A009BDDEB /* http */ = {
			isa = PBXGroup;
			children = (
				E1A0ECD52E3577D81145B8E2 /* MockHttpClient.swift */,
			);
			path = http;
			sourceTree = "<group>";
		};
		4B47CA69269210FF009BDDEB /* content */ = {
			isa = PBXGroup;
			children = (
				4B47CA6A26921124009BDDEB /* ArticleContentViewModelTest.swift */,
			);
			path = content;
			sourceTree = "<group>";
		};
		4B47CA7026921A9E009BDDEB /* content */ = {
			isa = PBXGroup;
			children = (
				4B47CA4C26909A2E009BDDEB /* ArticleContentRestDto.swift */,
				4B47CA582690A5B7009BDDEB /* InMemoryArticleContentRepository.swift */,
				4B47CA5E2690DC1D009BDDEB /* AppArticleContentRepository.swift */,
				4B47CA612691FEAA009BDDEB /* AppArticleContentRestAdapter.swift */,
			);
			path = content;
			sourceTree = "<group>";
		};
		4B47CA7126921ABC009BDDEB /* content */ = {
			isa = PBXGroup;
			children = (
				4B47CA64269200EE009BDDEB /* AppArticleContentRestAdapterTest.swift */,
				4B47CA6C269211A6009BDDEB /* ArticleContentRestDtoFixture.swift */,
				4B47CA6E26921285009BDDEB /* MockArticleContentRepository.swift */,
			);
			path = content;
			sourceTree = "<group>";
		};
		4B47CA7226921AF2009BDDEB /* data-access */ = {
			isa = PBXGroup;
			children = (
				4B26276D262C50F7006FD5C9 /* DataAccessFixture.swift */,
				4B262766262C5075006FD5C9 /* InMemoryRepositoryTests.swift */,
			);
			path = "data-access";
			sourceTree = "<group>";
		};
		4B47CA7A269E068C009BDDEB /* author */ = {
			isa = PBXGroup;
			children = (
				4B47CA7F269E07FB009BDDEB /* data-access */,
				4B47CA7E269E07F4009BDDEB /* domain */,
			);
			path = author;
			sourceTree = "<group>";
		};
		4B47CA7E269E07F4009BDDEB /* domain */ = {
			isa = PBXGroup;
			children = (
				4B47CA7B269E06B5009BDDEB /* Author.swift */,
			);
			path = domain;
			sourceTree = "<group>";
		};
		4B47CA7F269E07FB009BDDEB /* data-access */ = {
			isa = PBXGroup;
			children = (
				4B47CA80269E080D009BDDEB /* AuthorRestDto.swift */,
			);
			path = "data-access";
			sourceTree = "<group>";
		};
		4B47CA8326A0AB0B009BDDEB /* author */ = {
			isa = PBXGroup;
			children = (
				4B47CA8726A0AC62009BDDEB /* data-access */,
				4B47CA8626A0AC5A009BDDEB /* domain */,
			);
			path = author;
			sourceTree = "<group>";
		};
		4B47CA8626A0AC5A009BDDEB /* domain */ = {
			isa = PBXGroup;
			children = (
				4B47CA8426A0AB20009BDDEB /* AuthorFixture.swift */,
			);
			path = domain;
			sourceTree = "<group>";
		};
		4B47CA8726A0AC62009BDDEB /* data-access */ = {
			isa = PBXGroup;
			children = (
				4B47CA8926A0AC84009BDDEB /* AuthorRestDtoFixture.swift */,
			);
			path = "data-access";
			sourceTree = "<group>";
		};
		4B5C873C266D0C1E004C94A7 /* views */ = {
			isa = PBXGroup;
			children = (
				4B5C873D266D0C2A004C94A7 /* Color.swift */,
			);
			path = views;
			sourceTree = "<group>";
		};
		4B6AD8032607B45A009EA5E7 /* data-access */ = {
			isa = PBXGroup;
			children = (
				4B268838262B4925006C4C5B /* InMemoryRepository.swift */,
				4B26884C262C377A006C4C5B /* RepositoryError.swift */,
			);
			path = "data-access";
			sourceTree = "<group>";
		};
		4B72346E25D030B400766126 /* http */ = {
			isa = PBXGroup;
			children = (
				4B24F8A325F3E2D20088EE1B /* HttpClient.swift */,
				E1A0EC975580C43B543CE57D /* RestClient.swift */,
				4B262735262C3AF0006FD5C9 /* HttpError.swift */,
			);
			path = http;
			sourceTree = "<group>";
		};
		4BAAA2752610DE9A0061F30C /* foundation */ = {
			isa = PBXGroup;
			children = (
				4BAAA2762610DEA50061F30C /* ArrayTests.swift */,
				4B47CA76269E00EF009BDDEB /* DateFormatting.swift */,
			);
			path = foundation;
			sourceTree = "<group>";
		};
		4BB875D925D0431300671A06 /* Tests Shared */ = {
			isa = PBXGroup;
			children = (
				4B47CA8326A0AB0B009BDDEB /* author */,
				4B262741262C4A03006FD5C9 /* shared */,
				4B26273E262C49A9006FD5C9 /* articles */,
				4B26273D262C499D006FD5C9 /* reading-list */,
				4BB875DC25D0431300671A06 /* Info.plist */,
				4BFE153F25E2A23A00660C50 /* helpers.swift */,
			);
			path = "Tests Shared";
			sourceTree = "<group>";
		};
		4BBBD3CC266251730035F2CA /* views */ = {
			isa = PBXGroup;
			children = (
				4BFB0A8D266CEEC800D97EBE /* AsyncImage */,
				4BBBD3D4266253C50035F2CA /* AsyncView */,
				4B58FB582676421C008B2A7C /* ContentDivider.swift */,
				4B0E03A926A73E34005C7D4E /* Spacing.swift */,
			);
			path = views;
			sourceTree = "<group>";
		};
		4BBBD3D4266253C50035F2CA /* AsyncView */ = {
			isa = PBXGroup;
			children = (
				4BBBD3D5266253DB0035F2CA /* AsyncView.swift */,
				4BBBD3D8266254020035F2CA /* LoadingState.swift */,
				4BBBD3DB2662570A0035F2CA /* AsyncViewModel.swift */,
			);
			path = AsyncView;
			sourceTree = "<group>";
		};
		4BC96BC925CF0EE80081B8FF = {
			isa = PBXGroup;
			children = (
				4B27124026AC7D89007BC48C /* Localizable.strings */,
				4BC96BCE25CF0EE80081B8FF /* Shared */,
				4BC96BD825CF0EE90081B8FF /* iOS */,
				4BC96BDF25CF0EE90081B8FF /* macOS */,
				4BC96BE925CF0EE90081B8FF /* Tests iOS */,
				4BC96BF425CF0EE90081B8FF /* Tests macOS */,
				4BB875D925D0431300671A06 /* Tests Shared */,
				4BC96BD725CF0EE90081B8FF /* Products */,
			);
			sourceTree = "<group>";
		};
		4BC96BCE25CF0EE80081B8FF /* Shared */ = {
			isa = PBXGroup;
			children = (
				4BBBD3CC266251730035F2CA /* views */,
				4B47CA7A269E068C009BDDEB /* author */,
				4B0AFC39262B214300BE94F8 /* reading-list */,
				4B0AFC38262B213900BE94F8 /* articles */,
				4BC96C1D25CF10100081B8FF /* shared */,
				4B7BACB425E180A3004A0C4B /* AppContainer.swift */,
				4BC96BD125CF0EE90081B8FF /* Assets.xcassets */,
				4B3DB04F260659FE003B5CD6 /* DevArticles.xcdatamodeld */,
				4B3DB05D26065B0A003B5CD6 /* Persistence.swift */,
				4B262798262C8CDF006FD5C9 /* Configuration.swift */,
			);
			path = Shared;
			sourceTree = "<group>";
		};
		4BC96BD725CF0EE90081B8FF /* Products */ = {
			isa = PBXGroup;
			children = (
				4BC96BD625CF0EE90081B8FF /* dev-articles.app */,
				4BC96BDE25CF0EE90081B8FF /* dev-articles.app */,
				4BC96BE625CF0EE90081B8FF /* Tests iOS.xctest */,
				4BC96BF125CF0EE90081B8FF /* Tests macOS.xctest */,
				4B5C889B25F3B39C00F375F2 /* Tests Shared.xctest */,
			);
			name = Products;
			sourceTree = "<group>";
		};
		4BC96BD825CF0EE90081B8FF /* iOS */ = {
			isa = PBXGroup;
			children = (
				4BC96BD925CF0EE90081B8FF /* Info.plist */,
				4B27123326AC7689007BC48C /* AppView.swift */,
			);
			path = iOS;
			sourceTree = "<group>";
		};
		4BC96BDF25CF0EE90081B8FF /* macOS */ = {
			isa = PBXGroup;
			children = (
				4BC96BE025CF0EE90081B8FF /* Info.plist */,
				4BC96BE125CF0EE90081B8FF /* macOS.entitlements */,
				4B27123826AC77F8007BC48C /* AppView.swift */,
			);
			path = macOS;
			sourceTree = "<group>";
		};
		4BC96BE925CF0EE90081B8FF /* Tests iOS */ = {
			isa = PBXGroup;
			children = (
				4BC96BEC25CF0EE90081B8FF /* Info.plist */,
				4BBBD3C726624EAA0035F2CA /* Tests iOS.swift */,
			);
			path = "Tests iOS";
			sourceTree = "<group>";
		};
		4BC96BF425CF0EE90081B8FF /* Tests macOS */ = {
			isa = PBXGroup;
			children = (
				4BC96BF725CF0EE90081B8FF /* Info.plist */,
				4B0E03AD26A89822005C7D4E /* Tests macOS.swift */,
			);
			path = "Tests macOS";
			sourceTree = "<group>";
		};
		4BC96C1D25CF10100081B8FF /* shared */ = {
			isa = PBXGroup;
			children = (
				4B5C873C266D0C1E004C94A7 /* views */,
				4B243DA226690EE900E5E7EB /* combine */,
				4B463765263EEAF500A41C33 /* uses-cases */,
				4B6AD8032607B45A009EA5E7 /* data-access */,
				4BE4FA4925D99E16006D355E /* foundation */,
				4B72346E25D030B400766126 /* http */,
				4B5E1B6B26A44648007561F4 /* Application.swift */,
			);
			path = shared;
			sourceTree = "<group>";
		};
		4BE4FA4925D99E16006D355E /* foundation */ = {
			isa = PBXGroup;
			children = (
				4BE4FA4A25D99E36006D355E /* Collection.swift */,
				4BAAA28C2610E7720061F30C /* Array.swift */,
				4B243D9B2669070900E5E7EB /* DateFormatting.swift */,
			);
			path = foundation;
			sourceTree = "<group>";
		};
		4BFB0A8D266CEEC800D97EBE /* AsyncImage */ = {
			isa = PBXGroup;
			children = (
				4BFB0A8E266CEEDE00D97EBE /* AsyncImage.swift */,
			);
			path = AsyncImage;
			sourceTree = "<group>";
		};
/* End PBXGroup section */

/* Begin PBXNativeTarget section */
		4B5C889A25F3B39C00F375F2 /* Tests Shared */ = {
			isa = PBXNativeTarget;
			buildConfigurationList = 4B5C88A225F3B39C00F375F2 /* Build configuration list for PBXNativeTarget "Tests Shared" */;
			buildPhases = (
				4B5C889725F3B39C00F375F2 /* Sources */,
				4B5C889825F3B39C00F375F2 /* Frameworks */,
				4B5C889925F3B39C00F375F2 /* Resources */,
			);
			buildRules = (
			);
			dependencies = (
				4B5C88A125F3B39C00F375F2 /* PBXTargetDependency */,
			);
			name = "Tests Shared";
			productName = "Tests Shared";
			productReference = 4B5C889B25F3B39C00F375F2 /* Tests Shared.xctest */;
			productType = "com.apple.product-type.bundle.unit-test";
		};
		4BC96BD525CF0EE90081B8FF /* dev-articles (iOS) */ = {
			isa = PBXNativeTarget;
			buildConfigurationList = 4BC96C0025CF0EE90081B8FF /* Build configuration list for PBXNativeTarget "dev-articles (iOS)" */;
			buildPhases = (
				4BC96BD225CF0EE90081B8FF /* Sources */,
				4BC96BD325CF0EE90081B8FF /* Frameworks */,
				4BC96BD425CF0EE90081B8FF /* Resources */,
				4B1F3896265A922700D96B71 /* ShellScript */,
			);
			buildRules = (
			);
			dependencies = (
			);
			name = "dev-articles (iOS)";
			packageProductDependencies = (
			);
			productName = "dev-articles (iOS)";
			productReference = 4BC96BD625CF0EE90081B8FF /* dev-articles.app */;
			productType = "com.apple.product-type.application";
		};
		4BC96BDD25CF0EE90081B8FF /* dev-articles (macOS) */ = {
			isa = PBXNativeTarget;
			buildConfigurationList = 4BC96C0325CF0EE90081B8FF /* Build configuration list for PBXNativeTarget "dev-articles (macOS)" */;
			buildPhases = (
				4BC96BDA25CF0EE90081B8FF /* Sources */,
				4BC96BDB25CF0EE90081B8FF /* Frameworks */,
				4BC96BDC25CF0EE90081B8FF /* Resources */,
			);
			buildRules = (
			);
			dependencies = (
			);
			name = "dev-articles (macOS)";
			productName = "dev-articles (macOS)";
			productReference = 4BC96BDE25CF0EE90081B8FF /* dev-articles.app */;
			productType = "com.apple.product-type.application";
		};
		4BC96BE525CF0EE90081B8FF /* Tests iOS */ = {
			isa = PBXNativeTarget;
			buildConfigurationList = 4BC96C0625CF0EE90081B8FF /* Build configuration list for PBXNativeTarget "Tests iOS" */;
			buildPhases = (
				4BC96BE225CF0EE90081B8FF /* Sources */,
				4BC96BE325CF0EE90081B8FF /* Frameworks */,
				4BC96BE425CF0EE90081B8FF /* Resources */,
			);
			buildRules = (
			);
			dependencies = (
				4BC96BE825CF0EE90081B8FF /* PBXTargetDependency */,
			);
			name = "Tests iOS";
			productName = "Tests iOS";
			productReference = 4BC96BE625CF0EE90081B8FF /* Tests iOS.xctest */;
			productType = "com.apple.product-type.bundle.ui-testing";
		};
		4BC96BF025CF0EE90081B8FF /* Tests macOS */ = {
			isa = PBXNativeTarget;
			buildConfigurationList = 4BC96C0925CF0EE90081B8FF /* Build configuration list for PBXNativeTarget "Tests macOS" */;
			buildPhases = (
				4BC96BED25CF0EE90081B8FF /* Sources */,
				4BC96BEE25CF0EE90081B8FF /* Frameworks */,
				4BC96BEF25CF0EE90081B8FF /* Resources */,
			);
			buildRules = (
			);
			dependencies = (
				4BC96BF325CF0EE90081B8FF /* PBXTargetDependency */,
			);
			name = "Tests macOS";
			productName = "Tests macOS";
			productReference = 4BC96BF125CF0EE90081B8FF /* Tests macOS.xctest */;
			productType = "com.apple.product-type.bundle.ui-testing";
		};
/* End PBXNativeTarget section */

/* Begin PBXProject section */
		4BC96BCA25CF0EE80081B8FF /* Project object */ = {
			isa = PBXProject;
			attributes = {
				LastSwiftUpdateCheck = 1240;
				LastUpgradeCheck = 1240;
				TargetAttributes = {
					4B5C889A25F3B39C00F375F2 = {
						CreatedOnToolsVersion = 12.4;
						TestTargetID = 4BC96BD525CF0EE90081B8FF;
					};
					4BC96BD525CF0EE90081B8FF = {
						CreatedOnToolsVersion = 12.4;
					};
					4BC96BDD25CF0EE90081B8FF = {
						CreatedOnToolsVersion = 12.4;
					};
					4BC96BE525CF0EE90081B8FF = {
						CreatedOnToolsVersion = 12.4;
						LastSwiftMigration = 1250;
						TestTargetID = 4BC96BD525CF0EE90081B8FF;
					};
					4BC96BF025CF0EE90081B8FF = {
						CreatedOnToolsVersion = 12.4;
						LastSwiftMigration = 1250;
						TestTargetID = 4BC96BDD25CF0EE90081B8FF;
					};
				};
			};
			buildConfigurationList = 4BC96BCD25CF0EE80081B8FF /* Build configuration list for PBXProject "dev-articles" */;
			compatibilityVersion = "Xcode 9.3";
			developmentRegion = en;
			hasScannedForEncodings = 0;
			knownRegions = (
				en,
				Base,
				de,
			);
			mainGroup = 4BC96BC925CF0EE80081B8FF;
			packageReferences = (
			);
			productRefGroup = 4BC96BD725CF0EE90081B8FF /* Products */;
			projectDirPath = "";
			projectRoot = "";
			targets = (
				4BC96BD525CF0EE90081B8FF /* dev-articles (iOS) */,
				4BC96BDD25CF0EE90081B8FF /* dev-articles (macOS) */,
				4BC96BE525CF0EE90081B8FF /* Tests iOS */,
				4BC96BF025CF0EE90081B8FF /* Tests macOS */,
				4B5C889A25F3B39C00F375F2 /* Tests Shared */,
			);
		};
/* End PBXProject section */

/* Begin PBXResourcesBuildPhase section */
		4B5C889925F3B39C00F375F2 /* Resources */ = {
			isa = PBXResourcesBuildPhase;
			buildActionMask = 2147483647;
			files = (
			);
			runOnlyForDeploymentPostprocessing = 0;
		};
		4BC96BD425CF0EE90081B8FF /* Resources */ = {
			isa = PBXResourcesBuildPhase;
			buildActionMask = 2147483647;
			files = (
				4BC96BFC25CF0EE90081B8FF /* Assets.xcassets in Resources */,
				4B27123D26AC7D89007BC48C /* Localizable.strings in Resources */,
			);
			runOnlyForDeploymentPostprocessing = 0;
		};
		4BC96BDC25CF0EE90081B8FF /* Resources */ = {
			isa = PBXResourcesBuildPhase;
			buildActionMask = 2147483647;
			files = (
				4BC96BFD25CF0EE90081B8FF /* Assets.xcassets in Resources */,
				4B27123E26AC7D89007BC48C /* Localizable.strings in Resources */,
			);
			runOnlyForDeploymentPostprocessing = 0;
		};
		4BC96BE425CF0EE90081B8FF /* Resources */ = {
			isa = PBXResourcesBuildPhase;
			buildActionMask = 2147483647;
			files = (
			);
			runOnlyForDeploymentPostprocessing = 0;
		};
		4BC96BEF25CF0EE90081B8FF /* Resources */ = {
			isa = PBXResourcesBuildPhase;
			buildActionMask = 2147483647;
			files = (
			);
			runOnlyForDeploymentPostprocessing = 0;
		};
/* End PBXResourcesBuildPhase section */

/* Begin PBXShellScriptBuildPhase section */
		4B1F3896265A922700D96B71 /* ShellScript */ = {
			isa = PBXShellScriptBuildPhase;
			buildActionMask = 2147483647;
			files = (
			);
			inputFileListPaths = (
			);
			inputPaths = (
			);
			outputFileListPaths = (
			);
			outputPaths = (
			);
			runOnlyForDeploymentPostprocessing = 0;
			shellPath = /bin/sh;
			shellScript = "# Type a script or drag a script file from your workspace to insert its path.\nif which /opt/homebrew/bin/swiftlint >/dev/null; then\n  /opt/homebrew/bin/swiftlint\nelse\n  echo \"warning: SwiftLint not installed, download from https://github.com/realm/SwiftLint\"\nfi\n";
		};
/* End PBXShellScriptBuildPhase section */

/* Begin PBXSourcesBuildPhase section */
		4B5C889725F3B39C00F375F2 /* Sources */ = {
			isa = PBXSourcesBuildPhase;
			buildActionMask = 2147483647;
			files = (
				4B47CA8526A0AB20009BDDEB /* AuthorFixture.swift in Sources */,
				4B47CA6B26921124009BDDEB /* ArticleContentViewModelTest.swift in Sources */,
				4B1F389F265ABBEE00D96B71 /* ArticlesUseCaseFixture.swift in Sources */,
				4B1F38A4265BD49300D96B71 /* ArticleTests.swift in Sources */,
				4BAAA257260F91AC0061F30C /* CoreDataReadingListRepositoryTests.swift in Sources */,
				4B47CA6D269211A6009BDDEB /* ArticleContentRestDtoFixture.swift in Sources */,
				4B47CA65269200EE009BDDEB /* AppArticleContentRestAdapterTest.swift in Sources */,
				4B1F38A1265ABE7200D96B71 /* ReadingListUseCaseFixture.swift in Sources */,
				4BAAA2772610DEA50061F30C /* ArrayTests.swift in Sources */,
				4B46376E263F130F00A41C33 /* AppLoadArticlesUseCaseTests.swift in Sources */,
				4B47CA8A26A0AC84009BDDEB /* AuthorRestDtoFixture.swift in Sources */,
				4B5C88AF25F3B3B900F375F2 /* ArticlesFixtures.swift in Sources */,
				4B47CA672692016A009BDDEB /* ArticleContentFixture.swift in Sources */,
				4B262767262C5075006FD5C9 /* InMemoryRepositoryTests.swift in Sources */,
				4B5C88B025F3B3B900F375F2 /* MockArticlesRepository.swift in Sources */,
				4B5C88B125F3B3B900F375F2 /* AppArticlesRestAdapterTests.swift in Sources */,
				4B243D9A2669045100E5E7EB /* ArticleRestDtoFixture.swift in Sources */,
				4B47CA77269E00EF009BDDEB /* DateFormatting.swift in Sources */,
				4B5C88B325F3B3B900F375F2 /* ArticlesViewModelTests.swift in Sources */,
				4BAAA263260F98CD0061F30C /* ReadingListFixture.swift in Sources */,
				4B5C88B425F3B3B900F375F2 /* helpers.swift in Sources */,
				4BA81A5B261B449F00F0F1C1 /* MockReadingListRepository.swift in Sources */,
				4B1F3895265A8D8100D96B71 /* AppAddReadingListItemFromArticleUserCase.swift in Sources */,
				4B26276E262C50F7006FD5C9 /* DataAccessFixture.swift in Sources */,
				4B47CA6F26921285009BDDEB /* MockArticleContentRepository.swift in Sources */,
				E1A0E1453A5D24B5FDE27B56 /* MockHttpClient.swift in Sources */,
			);
			runOnlyForDeploymentPostprocessing = 0;
		};
		4BC96BD225CF0EE90081B8FF /* Sources */ = {
			isa = PBXSourcesBuildPhase;
			buildActionMask = 2147483647;
			files = (
				4BC96C2025CF103C0081B8FF /* Article.swift in Sources */,
				4B7BACB525E180A3004A0C4B /* AppContainer.swift in Sources */,
				4B3DB05E26065B0A003B5CD6 /* Persistence.swift in Sources */,
				4B47CA74269B4E41009BDDEB /* ArticleStatsView.swift in Sources */,
				4BE4FA4225D999CD006D355E /* InMemoryArticlesRepository.swift in Sources */,
				4B6AD7B626076C13009EA5E7 /* ReadingListItemDbDto+CoreDataClass.swift in Sources */,
				4B58FB592676421C008B2A7C /* ContentDivider.swift in Sources */,
				4BFB0A8F266CEEDE00D97EBE /* AsyncImage.swift in Sources */,
				4B24F8A425F3E2D20088EE1B /* HttpClient.swift in Sources */,
				4B3DB051260659FE003B5CD6 /* DevArticles.xcdatamodeld in Sources */,
				4B47CA5F2690DC1D009BDDEB /* AppArticleContentRepository.swift in Sources */,
				4B47CA592690A5B7009BDDEB /* InMemoryArticleContentRepository.swift in Sources */,
				4BC96C1225CF0F430081B8FF /* ArticlesViewModel.swift in Sources */,
				4B47CA622691FEAA009BDDEB /* AppArticleContentRestAdapter.swift in Sources */,
				4BBBD3DC2662570A0035F2CA /* AsyncViewModel.swift in Sources */,
				4B463767263EEB1500A41C33 /* UseCase.swift in Sources */,
				4B03E6D525FCEAFD000A6F7A /* ArticleView.swift in Sources */,
				4B6AD7EA26078630009EA5E7 /* ReadingListRepository.swift in Sources */,
				4B2627B9262C925B006FD5C9 /* Configuration.swift in Sources */,
				4BBBD3CA266250B60035F2CA /* ArticleDetailsView.swift in Sources */,
				4BA500AD25D97467005AD7D8 /* ArticlesView.swift in Sources */,
				4B6AD7F226078ABD009EA5E7 /* ReadingListItem.swift in Sources */,
				4BE4FA4B25D99E36006D355E /* Collection.swift in Sources */,
				4B268839262B4925006C4C5B /* InMemoryRepository.swift in Sources */,
				4BBBD3D9266254020035F2CA /* LoadingState.swift in Sources */,
				4B403F16267F9A9A00B8DDF9 /* ArticleContentRenderer.swift in Sources */,
				4B403F09267E355400B8DDF9 /* ArticleContentView.swift in Sources */,
				4B46376A263EF5F300A41C33 /* ArticlesUseCase.swift in Sources */,
				4BBBD3D6266253DB0035F2CA /* AsyncView.swift in Sources */,
				4B26881A262B247A006C4C5B /* ReadingListContainer.swift in Sources */,
				4B5C873E266D0C2A004C94A7 /* Color.swift in Sources */,
				4B6AD7B726076C13009EA5E7 /* ReadingListItemDbDto+CoreDataProperties.swift in Sources */,
				4BC357DA263DC37500B3B215 /* AppArticlesRepository.swift in Sources */,
				4B243DA426690F2000E5E7EB /* operators.swift in Sources */,
				4B463763263EEAE900A41C33 /* AppLoadArticlesUseCase.swift in Sources */,
				4B5E1B6C26A44648007561F4 /* Application.swift in Sources */,
				4B0E03AA26A73E34005C7D4E /* Spacing.swift in Sources */,
				4B93DBC325F3C18400DBCFA2 /* ArticleRestDto.swift in Sources */,
				4B1F389C265ABA2C00D96B71 /* ReadingListUseCase.swift in Sources */,
				4B47CA4D26909A2E009BDDEB /* ArticleContentRestDto.swift in Sources */,
				4B47CA562690A32B009BDDEB /* ArticleContentViewModel.swift in Sources */,
				4B47CA7C269E06B5009BDDEB /* Author.swift in Sources */,
				4B268832262B48AF006C4C5B /* InMemoryReadingListRepository.swift in Sources */,
				4B47CA5326909B99009BDDEB /* ArticleContent.swift in Sources */,
				4B1F3891265A8B7000D96B71 /* AppAddReadingListItemFromArticleUseCase.swift in Sources */,
				4B262736262C3AF0006FD5C9 /* HttpError.swift in Sources */,
				4B72346125CF12E400766126 /* AppArticlesRestAdapter.swift in Sources */,
				4BA81A53261A108000F0F1C1 /* BookmarkView.swift in Sources */,
				4B268809262B2431006C4C5B /* ArticlesContainer.swift in Sources */,
				4BA81A422617935100F0F1C1 /* Array.swift in Sources */,
				4B6AD7C926078280009EA5E7 /* CoreDataReadingListRepository.swift in Sources */,
				4B26884D262C377A006C4C5B /* RepositoryError.swift in Sources */,
				4B243D9F2669071400E5E7EB /* DateFormatting.swift in Sources */,
				4B47CA81269E080D009BDDEB /* AuthorRestDto.swift in Sources */,
				4B27123426AC768F007BC48C /* AppView.swift in Sources */,
				E1A0EE431C9E745D859AC967 /* RestClient.swift in Sources */,
			);
			runOnlyForDeploymentPostprocessing = 0;
		};
		4BC96BDA25CF0EE90081B8FF /* Sources */ = {
			isa = PBXSourcesBuildPhase;
			buildActionMask = 2147483647;
			files = (
				4B46376B263EF5F300A41C33 /* ArticlesUseCase.swift in Sources */,
				4BBBD3DD2662570A0035F2CA /* AsyncViewModel.swift in Sources */,
				4B26882A262B3A9D006C4C5B /* ReadingListContainer.swift in Sources */,
				4B47CA75269B4E41009BDDEB /* ArticleStatsView.swift in Sources */,
				4B26882B262B3A9D006C4C5B /* ArticlesContainer.swift in Sources */,
				4B2627BA262C925C006FD5C9 /* Configuration.swift in Sources */,
				4B58FB5A2676421C008B2A7C /* ContentDivider.swift in Sources */,
				4B6AD7CA26078280009EA5E7 /* CoreDataReadingListRepository.swift in Sources */,
				4B6AD8172607C4ED009EA5E7 /* ReadingListItemDbDto+CoreDataClass.swift in Sources */,
				4BC96C2125CF103C0081B8FF /* Article.swift in Sources */,
				4B47CA602690DC1D009BDDEB /* AppArticleContentRepository.swift in Sources */,
				4B47CA5A2690A5B7009BDDEB /* InMemoryArticleContentRepository.swift in Sources */,
				4B58FB5726762716008B2A7C /* InMemoryReadingListRepository.swift in Sources */,
				4B47CA632691FEAA009BDDEB /* AppArticleContentRestAdapter.swift in Sources */,
				4B7BACB625E180A3004A0C4B /* AppContainer.swift in Sources */,
				4B3DB05F26065B0A003B5CD6 /* Persistence.swift in Sources */,
				4B6AD7EB26078630009EA5E7 /* ReadingListRepository.swift in Sources */,
				4BE4FA4325D999CD006D355E /* InMemoryArticlesRepository.swift in Sources */,
				4BC357DB263DC37500B3B215 /* AppArticlesRepository.swift in Sources */,
				4B5C873F266D0C2A004C94A7 /* Color.swift in Sources */,
				4B58FB56267625BC008B2A7C /* AppAddReadingListItemFromArticleUseCase.swift in Sources */,
				4B24F8A525F3E2D20088EE1B /* HttpClient.swift in Sources */,
				4B463764263EEAE900A41C33 /* AppLoadArticlesUseCase.swift in Sources */,
				4B6AD8112607C4EA009EA5E7 /* ReadingListItemDbDto+CoreDataProperties.swift in Sources */,
				4B243DA526690F2000E5E7EB /* operators.swift in Sources */,
				4B403F17267F9A9A00B8DDF9 /* ArticleContentRenderer.swift in Sources */,
				4B403F0A267E355400B8DDF9 /* ArticleContentView.swift in Sources */,
				4B3DB052260659FE003B5CD6 /* DevArticles.xcdatamodeld in Sources */,
				4B463768263EEB1500A41C33 /* UseCase.swift in Sources */,
				4BC96C1325CF0F430081B8FF /* ArticlesViewModel.swift in Sources */,
				4B26884E262C377A006C4C5B /* RepositoryError.swift in Sources */,
				4B03E6D625FCEAFD000A6F7A /* ArticleView.swift in Sources */,
				4BBBD3CB266250B60035F2CA /* ArticleDetailsView.swift in Sources */,
				4BA500AE25D97467005AD7D8 /* ArticlesView.swift in Sources */,
				4B262737262C3AF0006FD5C9 /* HttpError.swift in Sources */,
				4B5E1B6D26A44648007561F4 /* Application.swift in Sources */,
				4BE4FA4C25D99E36006D355E /* Collection.swift in Sources */,
				4B0E03AB26A73E34005C7D4E /* Spacing.swift in Sources */,
				4BBBD3DA266254020035F2CA /* LoadingState.swift in Sources */,
				4B93DBC425F3C18400DBCFA2 /* ArticleRestDto.swift in Sources */,
				4B47CA4E26909A2E009BDDEB /* ArticleContentRestDto.swift in Sources */,
				4B47CA572690A32B009BDDEB /* ArticleContentViewModel.swift in Sources */,
				4B47CA7D269E06B5009BDDEB /* Author.swift in Sources */,
				4B47CA5426909B99009BDDEB /* ArticleContent.swift in Sources */,
				4B6AD7F326078ABD009EA5E7 /* ReadingListItem.swift in Sources */,
				4B72346225CF12E400766126 /* AppArticlesRestAdapter.swift in Sources */,
				4BA81A54261A108000F0F1C1 /* BookmarkView.swift in Sources */,
				4B243D9E2669071300E5E7EB /* DateFormatting.swift in Sources */,
				4BBBD3D7266253DB0035F2CA /* AsyncView.swift in Sources */,
				4BA81A3C2617935000F0F1C1 /* Array.swift in Sources */,
				E1A0E3F70B5F627D3EBC0ADC /* RestClient.swift in Sources */,
				4B26883A262B4925006C4C5B /* InMemoryRepository.swift in Sources */,
				4B27123926AC77F8007BC48C /* AppView.swift in Sources */,
				4BFB0A90266CEEDE00D97EBE /* AsyncImage.swift in Sources */,
				4B47CA82269E080D009BDDEB /* AuthorRestDto.swift in Sources */,
				4B1F389D265ABA3000D96B71 /* ReadingListUseCase.swift in Sources */,
			);
			runOnlyForDeploymentPostprocessing = 0;
		};
		4BC96BE225CF0EE90081B8FF /* Sources */ = {
			isa = PBXSourcesBuildPhase;
			buildActionMask = 2147483647;
			files = (
				4BBBD3C826624EAA0035F2CA /* Tests iOS.swift in Sources */,
			);
			runOnlyForDeploymentPostprocessing = 0;
		};
		4BC96BED25CF0EE90081B8FF /* Sources */ = {
			isa = PBXSourcesBuildPhase;
			buildActionMask = 2147483647;
			files = (
				4B0E03AE26A89822005C7D4E /* Tests macOS.swift in Sources */,
			);
			runOnlyForDeploymentPostprocessing = 0;
		};
/* End PBXSourcesBuildPhase section */

/* Begin PBXTargetDependency section */
		4B5C88A125F3B39C00F375F2 /* PBXTargetDependency */ = {
			isa = PBXTargetDependency;
			target = 4BC96BD525CF0EE90081B8FF /* dev-articles (iOS) */;
			targetProxy = 4B5C88A025F3B39C00F375F2 /* PBXContainerItemProxy */;
		};
		4BC96BE825CF0EE90081B8FF /* PBXTargetDependency */ = {
			isa = PBXTargetDependency;
			target = 4BC96BD525CF0EE90081B8FF /* dev-articles (iOS) */;
			targetProxy = 4BC96BE725CF0EE90081B8FF /* PBXContainerItemProxy */;
		};
		4BC96BF325CF0EE90081B8FF /* PBXTargetDependency */ = {
			isa = PBXTargetDependency;
			target = 4BC96BDD25CF0EE90081B8FF /* dev-articles (macOS) */;
			targetProxy = 4BC96BF225CF0EE90081B8FF /* PBXContainerItemProxy */;
		};
/* End PBXTargetDependency section */

/* Begin PBXVariantGroup section */
		4B27124026AC7D89007BC48C /* Localizable.strings */ = {
			isa = PBXVariantGroup;
			children = (
				4B27123F26AC7D89007BC48C /* en */,
				4B27124126AC7D8E007BC48C /* de */,
			);
			name = Localizable.strings;
			sourceTree = "<group>";
		};
/* End PBXVariantGroup section */

/* Begin XCBuildConfiguration section */
		4B2627CE262CA27E006FD5C9 /* Test */ = {
			isa = XCBuildConfiguration;
			buildSettings = {
				ALWAYS_SEARCH_USER_PATHS = NO;
				CLANG_ANALYZER_NONNULL = YES;
				CLANG_ANALYZER_NUMBER_OBJECT_CONVERSION = YES_AGGRESSIVE;
				CLANG_CXX_LANGUAGE_STANDARD = "gnu++14";
				CLANG_CXX_LIBRARY = "libc++";
				CLANG_ENABLE_MODULES = YES;
				CLANG_ENABLE_OBJC_ARC = YES;
				CLANG_ENABLE_OBJC_WEAK = YES;
				CLANG_WARN_BLOCK_CAPTURE_AUTORELEASING = YES;
				CLANG_WARN_BOOL_CONVERSION = YES;
				CLANG_WARN_COMMA = YES;
				CLANG_WARN_CONSTANT_CONVERSION = YES;
				CLANG_WARN_DEPRECATED_OBJC_IMPLEMENTATIONS = YES;
				CLANG_WARN_DIRECT_OBJC_ISA_USAGE = YES_ERROR;
				CLANG_WARN_DOCUMENTATION_COMMENTS = YES;
				CLANG_WARN_EMPTY_BODY = YES;
				CLANG_WARN_ENUM_CONVERSION = YES;
				CLANG_WARN_INFINITE_RECURSION = YES;
				CLANG_WARN_INT_CONVERSION = YES;
				CLANG_WARN_NON_LITERAL_NULL_CONVERSION = YES;
				CLANG_WARN_OBJC_IMPLICIT_RETAIN_SELF = YES;
				CLANG_WARN_OBJC_LITERAL_CONVERSION = YES;
				CLANG_WARN_OBJC_ROOT_CLASS = YES_ERROR;
				CLANG_WARN_QUOTED_INCLUDE_IN_FRAMEWORK_HEADER = YES;
				CLANG_WARN_RANGE_LOOP_ANALYSIS = YES;
				CLANG_WARN_STRICT_PROTOTYPES = YES;
				CLANG_WARN_SUSPICIOUS_MOVE = YES;
				CLANG_WARN_UNGUARDED_AVAILABILITY = YES_AGGRESSIVE;
				CLANG_WARN_UNREACHABLE_CODE = YES;
				CLANG_WARN__DUPLICATE_METHOD_MATCH = YES;
				COPY_PHASE_STRIP = NO;
				DEBUG_INFORMATION_FORMAT = dwarf;
				ENABLE_STRICT_OBJC_MSGSEND = YES;
				ENABLE_TESTABILITY = YES;
				GCC_C_LANGUAGE_STANDARD = gnu11;
				GCC_DYNAMIC_NO_PIC = NO;
				GCC_NO_COMMON_BLOCKS = YES;
				GCC_OPTIMIZATION_LEVEL = 0;
				GCC_PREPROCESSOR_DEFINITIONS = (
					"DEBUG=1",
					"$(inherited)",
				);
				GCC_WARN_64_TO_32_BIT_CONVERSION = YES;
				GCC_WARN_ABOUT_RETURN_TYPE = YES_ERROR;
				GCC_WARN_UNDECLARED_SELECTOR = YES;
				GCC_WARN_UNINITIALIZED_AUTOS = YES_AGGRESSIVE;
				GCC_WARN_UNUSED_FUNCTION = YES;
				GCC_WARN_UNUSED_VARIABLE = YES;
				MTL_ENABLE_DEBUG_INFO = INCLUDE_SOURCE;
				MTL_FAST_MATH = YES;
				ONLY_ACTIVE_ARCH = YES;
				SWIFT_ACTIVE_COMPILATION_CONDITIONS = "TEST DEBUG";
				SWIFT_OPTIMIZATION_LEVEL = "-Onone";
			};
			name = Test;
		};
		4B2627CF262CA27E006FD5C9 /* Test */ = {
			isa = XCBuildConfiguration;
			buildSettings = {
				ASSETCATALOG_COMPILER_APPICON_NAME = AppIcon;
				ASSETCATALOG_COMPILER_GLOBAL_ACCENT_COLOR_NAME = AccentColor;
				CODE_SIGN_STYLE = Automatic;
				DEVELOPMENT_TEAM = 6SQ7R2QP39;
				ENABLE_PREVIEWS = YES;
				INFOPLIST_FILE = iOS/Info.plist;
				IPHONEOS_DEPLOYMENT_TARGET = 14.0;
				LD_RUNPATH_SEARCH_PATHS = (
					"$(inherited)",
					"@executable_path/Frameworks",
				);
				PRODUCT_BUNDLE_IDENTIFIER = "de.remshams.dev-articles";
				PRODUCT_NAME = "dev-articles";
				SDKROOT = iphoneos;
				SWIFT_VERSION = 5.0;
				TARGETED_DEVICE_FAMILY = "1,2";
			};
			name = Test;
		};
		4B2627D0262CA27E006FD5C9 /* Test */ = {
			isa = XCBuildConfiguration;
			buildSettings = {
				ASSETCATALOG_COMPILER_APPICON_NAME = AppIcon;
				ASSETCATALOG_COMPILER_GLOBAL_ACCENT_COLOR_NAME = AccentColor;
				CODE_SIGN_ENTITLEMENTS = macOS/macOS.entitlements;
				CODE_SIGN_IDENTITY = "Apple Development";
				CODE_SIGN_STYLE = Automatic;
				COMBINE_HIDPI_IMAGES = YES;
				DEVELOPMENT_TEAM = 6SQ7R2QP39;
				ENABLE_HARDENED_RUNTIME = YES;
				ENABLE_PREVIEWS = YES;
				INFOPLIST_FILE = macOS/Info.plist;
				LD_RUNPATH_SEARCH_PATHS = (
					"$(inherited)",
					"@executable_path/../Frameworks",
				);
				MACOSX_DEPLOYMENT_TARGET = 11.0;
				PRODUCT_BUNDLE_IDENTIFIER = "de.remshams.dev-articles";
				PRODUCT_NAME = "dev-articles";
				PROVISIONING_PROFILE_SPECIFIER = "";
				SDKROOT = macosx;
				SWIFT_VERSION = 5.0;
			};
			name = Test;
		};
		4B2627D1262CA27E006FD5C9 /* Test */ = {
			isa = XCBuildConfiguration;
			buildSettings = {
				ALWAYS_EMBED_SWIFT_STANDARD_LIBRARIES = YES;
				CLANG_ENABLE_MODULES = YES;
				CODE_SIGN_STYLE = Automatic;
				DEVELOPMENT_TEAM = 6SQ7R2QP39;
				INFOPLIST_FILE = "Tests iOS/Info.plist";
				IPHONEOS_DEPLOYMENT_TARGET = 14.4;
				LD_RUNPATH_SEARCH_PATHS = (
					"$(inherited)",
					"@executable_path/Frameworks",
					"@loader_path/Frameworks",
				);
				PRODUCT_BUNDLE_IDENTIFIER = "de.remshams.Tests-iOS";
				PRODUCT_NAME = "$(TARGET_NAME)";
				SDKROOT = iphoneos;
				SWIFT_OPTIMIZATION_LEVEL = "-Onone";
				SWIFT_VERSION = 5.0;
				TARGETED_DEVICE_FAMILY = "1,2";
				TEST_TARGET_NAME = "dev-articles (iOS)";
			};
			name = Test;
		};
		4B2627D2262CA27E006FD5C9 /* Test */ = {
			isa = XCBuildConfiguration;
			buildSettings = {
				ALWAYS_EMBED_SWIFT_STANDARD_LIBRARIES = YES;
				CLANG_ENABLE_MODULES = YES;
				CODE_SIGN_STYLE = Automatic;
				COMBINE_HIDPI_IMAGES = YES;
				DEVELOPMENT_TEAM = 6SQ7R2QP39;
				INFOPLIST_FILE = "Tests macOS/Info.plist";
				LD_RUNPATH_SEARCH_PATHS = (
					"$(inherited)",
					"@executable_path/../Frameworks",
					"@loader_path/../Frameworks",
				);
				MACOSX_DEPLOYMENT_TARGET = 11.1;
				PRODUCT_BUNDLE_IDENTIFIER = "de.remshams.Tests-macOS";
				PRODUCT_NAME = "$(TARGET_NAME)";
				SDKROOT = macosx;
				SWIFT_OPTIMIZATION_LEVEL = "-Onone";
				SWIFT_VERSION = 5.0;
				TEST_TARGET_NAME = "dev-articles (macOS)";
			};
			name = Test;
		};
		4B2627D3262CA27E006FD5C9 /* Test */ = {
			isa = XCBuildConfiguration;
			buildSettings = {
				BUNDLE_LOADER = "$(TEST_HOST)";
				CODE_SIGN_IDENTITY = "Apple Development";
				"CODE_SIGN_IDENTITY[sdk=macosx*]" = "Apple Development";
				CODE_SIGN_STYLE = Automatic;
				DEVELOPMENT_TEAM = 6SQ7R2QP39;
				INFOPLIST_FILE = "Tests Shared/Info.plist";
				IPHONEOS_DEPLOYMENT_TARGET = 14.4;
				LD_RUNPATH_SEARCH_PATHS = (
					"$(inherited)",
					"@executable_path/Frameworks",
					"@loader_path/Frameworks",
				);
				PRODUCT_BUNDLE_IDENTIFIER = "de.remshams.Tests-Shared";
				PRODUCT_NAME = "$(TARGET_NAME)";
				PROVISIONING_PROFILE_SPECIFIER = "";
				"PROVISIONING_PROFILE_SPECIFIER[sdk=macosx*]" = "";
				SDKROOT = iphoneos;
				SWIFT_VERSION = 5.0;
				TARGETED_DEVICE_FAMILY = "1,2";
				TEST_HOST = "$(BUILT_PRODUCTS_DIR)/dev-articles.app/dev-articles";
			};
			name = Test;
		};
		4B5C88A325F3B39C00F375F2 /* Debug */ = {
			isa = XCBuildConfiguration;
			buildSettings = {
				BUNDLE_LOADER = "$(TEST_HOST)";
				CODE_SIGN_IDENTITY = "Apple Development";
				"CODE_SIGN_IDENTITY[sdk=macosx*]" = "Apple Development";
				CODE_SIGN_STYLE = Automatic;
				DEVELOPMENT_TEAM = 6SQ7R2QP39;
				INFOPLIST_FILE = "Tests Shared/Info.plist";
				IPHONEOS_DEPLOYMENT_TARGET = 14.4;
				LD_RUNPATH_SEARCH_PATHS = (
					"$(inherited)",
					"@executable_path/Frameworks",
					"@loader_path/Frameworks",
				);
				PRODUCT_BUNDLE_IDENTIFIER = "de.remshams.Tests-Shared";
				PRODUCT_NAME = "$(TARGET_NAME)";
				PROVISIONING_PROFILE_SPECIFIER = "";
				"PROVISIONING_PROFILE_SPECIFIER[sdk=macosx*]" = "";
				SDKROOT = iphoneos;
				SWIFT_VERSION = 5.0;
				TARGETED_DEVICE_FAMILY = "1,2";
				TEST_HOST = "$(BUILT_PRODUCTS_DIR)/dev-articles.app/dev-articles";
			};
			name = Debug;
		};
		4B5C88A425F3B39C00F375F2 /* Release */ = {
			isa = XCBuildConfiguration;
			buildSettings = {
				BUNDLE_LOADER = "$(TEST_HOST)";
				CODE_SIGN_IDENTITY = "Apple Development";
				"CODE_SIGN_IDENTITY[sdk=macosx*]" = "Apple Development";
				CODE_SIGN_STYLE = Automatic;
				DEVELOPMENT_TEAM = 6SQ7R2QP39;
				INFOPLIST_FILE = "Tests Shared/Info.plist";
				IPHONEOS_DEPLOYMENT_TARGET = 14.4;
				LD_RUNPATH_SEARCH_PATHS = (
					"$(inherited)",
					"@executable_path/Frameworks",
					"@loader_path/Frameworks",
				);
				PRODUCT_BUNDLE_IDENTIFIER = "de.remshams.Tests-Shared";
				PRODUCT_NAME = "$(TARGET_NAME)";
				PROVISIONING_PROFILE_SPECIFIER = "";
				"PROVISIONING_PROFILE_SPECIFIER[sdk=macosx*]" = "";
				SDKROOT = iphoneos;
				SWIFT_VERSION = 5.0;
				TARGETED_DEVICE_FAMILY = "1,2";
				TEST_HOST = "$(BUILT_PRODUCTS_DIR)/dev-articles.app/dev-articles";
				VALIDATE_PRODUCT = YES;
			};
			name = Release;
		};
		4BC96BFE25CF0EE90081B8FF /* Debug */ = {
			isa = XCBuildConfiguration;
			buildSettings = {
				ALWAYS_SEARCH_USER_PATHS = NO;
				CLANG_ANALYZER_NONNULL = YES;
				CLANG_ANALYZER_NUMBER_OBJECT_CONVERSION = YES_AGGRESSIVE;
				CLANG_CXX_LANGUAGE_STANDARD = "gnu++14";
				CLANG_CXX_LIBRARY = "libc++";
				CLANG_ENABLE_MODULES = YES;
				CLANG_ENABLE_OBJC_ARC = YES;
				CLANG_ENABLE_OBJC_WEAK = YES;
				CLANG_WARN_BLOCK_CAPTURE_AUTORELEASING = YES;
				CLANG_WARN_BOOL_CONVERSION = YES;
				CLANG_WARN_COMMA = YES;
				CLANG_WARN_CONSTANT_CONVERSION = YES;
				CLANG_WARN_DEPRECATED_OBJC_IMPLEMENTATIONS = YES;
				CLANG_WARN_DIRECT_OBJC_ISA_USAGE = YES_ERROR;
				CLANG_WARN_DOCUMENTATION_COMMENTS = YES;
				CLANG_WARN_EMPTY_BODY = YES;
				CLANG_WARN_ENUM_CONVERSION = YES;
				CLANG_WARN_INFINITE_RECURSION = YES;
				CLANG_WARN_INT_CONVERSION = YES;
				CLANG_WARN_NON_LITERAL_NULL_CONVERSION = YES;
				CLANG_WARN_OBJC_IMPLICIT_RETAIN_SELF = YES;
				CLANG_WARN_OBJC_LITERAL_CONVERSION = YES;
				CLANG_WARN_OBJC_ROOT_CLASS = YES_ERROR;
				CLANG_WARN_QUOTED_INCLUDE_IN_FRAMEWORK_HEADER = YES;
				CLANG_WARN_RANGE_LOOP_ANALYSIS = YES;
				CLANG_WARN_STRICT_PROTOTYPES = YES;
				CLANG_WARN_SUSPICIOUS_MOVE = YES;
				CLANG_WARN_UNGUARDED_AVAILABILITY = YES_AGGRESSIVE;
				CLANG_WARN_UNREACHABLE_CODE = YES;
				CLANG_WARN__DUPLICATE_METHOD_MATCH = YES;
				COPY_PHASE_STRIP = NO;
				DEBUG_INFORMATION_FORMAT = dwarf;
				ENABLE_STRICT_OBJC_MSGSEND = YES;
				ENABLE_TESTABILITY = YES;
				GCC_C_LANGUAGE_STANDARD = gnu11;
				GCC_DYNAMIC_NO_PIC = NO;
				GCC_NO_COMMON_BLOCKS = YES;
				GCC_OPTIMIZATION_LEVEL = 0;
				GCC_PREPROCESSOR_DEFINITIONS = (
					"DEBUG=1",
					"$(inherited)",
				);
				GCC_WARN_64_TO_32_BIT_CONVERSION = YES;
				GCC_WARN_ABOUT_RETURN_TYPE = YES_ERROR;
				GCC_WARN_UNDECLARED_SELECTOR = YES;
				GCC_WARN_UNINITIALIZED_AUTOS = YES_AGGRESSIVE;
				GCC_WARN_UNUSED_FUNCTION = YES;
				GCC_WARN_UNUSED_VARIABLE = YES;
				MTL_ENABLE_DEBUG_INFO = INCLUDE_SOURCE;
				MTL_FAST_MATH = YES;
				ONLY_ACTIVE_ARCH = YES;
				SWIFT_ACTIVE_COMPILATION_CONDITIONS = DEBUG;
				SWIFT_OPTIMIZATION_LEVEL = "-Onone";
			};
			name = Debug;
		};
		4BC96BFF25CF0EE90081B8FF /* Release */ = {
			isa = XCBuildConfiguration;
			buildSettings = {
				ALWAYS_SEARCH_USER_PATHS = NO;
				CLANG_ANALYZER_NONNULL = YES;
				CLANG_ANALYZER_NUMBER_OBJECT_CONVERSION = YES_AGGRESSIVE;
				CLANG_CXX_LANGUAGE_STANDARD = "gnu++14";
				CLANG_CXX_LIBRARY = "libc++";
				CLANG_ENABLE_MODULES = YES;
				CLANG_ENABLE_OBJC_ARC = YES;
				CLANG_ENABLE_OBJC_WEAK = YES;
				CLANG_WARN_BLOCK_CAPTURE_AUTORELEASING = YES;
				CLANG_WARN_BOOL_CONVERSION = YES;
				CLANG_WARN_COMMA = YES;
				CLANG_WARN_CONSTANT_CONVERSION = YES;
				CLANG_WARN_DEPRECATED_OBJC_IMPLEMENTATIONS = YES;
				CLANG_WARN_DIRECT_OBJC_ISA_USAGE = YES_ERROR;
				CLANG_WARN_DOCUMENTATION_COMMENTS = YES;
				CLANG_WARN_EMPTY_BODY = YES;
				CLANG_WARN_ENUM_CONVERSION = YES;
				CLANG_WARN_INFINITE_RECURSION = YES;
				CLANG_WARN_INT_CONVERSION = YES;
				CLANG_WARN_NON_LITERAL_NULL_CONVERSION = YES;
				CLANG_WARN_OBJC_IMPLICIT_RETAIN_SELF = YES;
				CLANG_WARN_OBJC_LITERAL_CONVERSION = YES;
				CLANG_WARN_OBJC_ROOT_CLASS = YES_ERROR;
				CLANG_WARN_QUOTED_INCLUDE_IN_FRAMEWORK_HEADER = YES;
				CLANG_WARN_RANGE_LOOP_ANALYSIS = YES;
				CLANG_WARN_STRICT_PROTOTYPES = YES;
				CLANG_WARN_SUSPICIOUS_MOVE = YES;
				CLANG_WARN_UNGUARDED_AVAILABILITY = YES_AGGRESSIVE;
				CLANG_WARN_UNREACHABLE_CODE = YES;
				CLANG_WARN__DUPLICATE_METHOD_MATCH = YES;
				COPY_PHASE_STRIP = NO;
				DEBUG_INFORMATION_FORMAT = "dwarf-with-dsym";
				ENABLE_NS_ASSERTIONS = NO;
				ENABLE_STRICT_OBJC_MSGSEND = YES;
				GCC_C_LANGUAGE_STANDARD = gnu11;
				GCC_NO_COMMON_BLOCKS = YES;
				GCC_WARN_64_TO_32_BIT_CONVERSION = YES;
				GCC_WARN_ABOUT_RETURN_TYPE = YES_ERROR;
				GCC_WARN_UNDECLARED_SELECTOR = YES;
				GCC_WARN_UNINITIALIZED_AUTOS = YES_AGGRESSIVE;
				GCC_WARN_UNUSED_FUNCTION = YES;
				GCC_WARN_UNUSED_VARIABLE = YES;
				MTL_ENABLE_DEBUG_INFO = NO;
				MTL_FAST_MATH = YES;
				SWIFT_COMPILATION_MODE = wholemodule;
				SWIFT_OPTIMIZATION_LEVEL = "-O";
			};
			name = Release;
		};
		4BC96C0125CF0EE90081B8FF /* Debug */ = {
			isa = XCBuildConfiguration;
			buildSettings = {
				ASSETCATALOG_COMPILER_APPICON_NAME = AppIcon;
				ASSETCATALOG_COMPILER_GLOBAL_ACCENT_COLOR_NAME = AccentColor;
				CODE_SIGN_STYLE = Automatic;
				DEVELOPMENT_TEAM = 6SQ7R2QP39;
				ENABLE_PREVIEWS = YES;
				INFOPLIST_FILE = iOS/Info.plist;
				IPHONEOS_DEPLOYMENT_TARGET = 14.0;
				LD_RUNPATH_SEARCH_PATHS = (
					"$(inherited)",
					"@executable_path/Frameworks",
				);
				PRODUCT_BUNDLE_IDENTIFIER = "de.remshams.dev-articles";
				PRODUCT_NAME = "dev-articles";
				SDKROOT = iphoneos;
				SWIFT_VERSION = 5.0;
				TARGETED_DEVICE_FAMILY = "1,2";
			};
			name = Debug;
		};
		4BC96C0225CF0EE90081B8FF /* Release */ = {
			isa = XCBuildConfiguration;
			buildSettings = {
				ASSETCATALOG_COMPILER_APPICON_NAME = AppIcon;
				ASSETCATALOG_COMPILER_GLOBAL_ACCENT_COLOR_NAME = AccentColor;
				CODE_SIGN_STYLE = Automatic;
				DEVELOPMENT_TEAM = 6SQ7R2QP39;
				ENABLE_PREVIEWS = YES;
				INFOPLIST_FILE = iOS/Info.plist;
				IPHONEOS_DEPLOYMENT_TARGET = 14.0;
				LD_RUNPATH_SEARCH_PATHS = (
					"$(inherited)",
					"@executable_path/Frameworks",
				);
				PRODUCT_BUNDLE_IDENTIFIER = "de.remshams.dev-articles";
				PRODUCT_NAME = "dev-articles";
				SDKROOT = iphoneos;
				SWIFT_VERSION = 5.0;
				TARGETED_DEVICE_FAMILY = "1,2";
				VALIDATE_PRODUCT = YES;
			};
			name = Release;
		};
		4BC96C0425CF0EE90081B8FF /* Debug */ = {
			isa = XCBuildConfiguration;
			buildSettings = {
				ASSETCATALOG_COMPILER_APPICON_NAME = AppIcon;
				ASSETCATALOG_COMPILER_GLOBAL_ACCENT_COLOR_NAME = AccentColor;
				CODE_SIGN_ENTITLEMENTS = macOS/macOS.entitlements;
				CODE_SIGN_IDENTITY = "Apple Development";
				CODE_SIGN_STYLE = Automatic;
				COMBINE_HIDPI_IMAGES = YES;
				DEVELOPMENT_TEAM = 6SQ7R2QP39;
				ENABLE_HARDENED_RUNTIME = YES;
				ENABLE_PREVIEWS = YES;
				INFOPLIST_FILE = macOS/Info.plist;
				LD_RUNPATH_SEARCH_PATHS = (
					"$(inherited)",
					"@executable_path/../Frameworks",
				);
				MACOSX_DEPLOYMENT_TARGET = 11.0;
				PRODUCT_BUNDLE_IDENTIFIER = "de.remshams.dev-articles";
				PRODUCT_NAME = "dev-articles";
				PROVISIONING_PROFILE_SPECIFIER = "";
				SDKROOT = macosx;
				SWIFT_VERSION = 5.0;
			};
			name = Debug;
		};
		4BC96C0525CF0EE90081B8FF /* Release */ = {
			isa = XCBuildConfiguration;
			buildSettings = {
				ASSETCATALOG_COMPILER_APPICON_NAME = AppIcon;
				ASSETCATALOG_COMPILER_GLOBAL_ACCENT_COLOR_NAME = AccentColor;
				CODE_SIGN_ENTITLEMENTS = macOS/macOS.entitlements;
				CODE_SIGN_IDENTITY = "Apple Development";
				CODE_SIGN_STYLE = Automatic;
				COMBINE_HIDPI_IMAGES = YES;
				DEVELOPMENT_TEAM = 6SQ7R2QP39;
				ENABLE_HARDENED_RUNTIME = YES;
				ENABLE_PREVIEWS = YES;
				INFOPLIST_FILE = macOS/Info.plist;
				LD_RUNPATH_SEARCH_PATHS = (
					"$(inherited)",
					"@executable_path/../Frameworks",
				);
				MACOSX_DEPLOYMENT_TARGET = 11.0;
				PRODUCT_BUNDLE_IDENTIFIER = "de.remshams.dev-articles";
				PRODUCT_NAME = "dev-articles";
				PROVISIONING_PROFILE_SPECIFIER = "";
				SDKROOT = macosx;
				SWIFT_VERSION = 5.0;
			};
			name = Release;
		};
		4BC96C0725CF0EE90081B8FF /* Debug */ = {
			isa = XCBuildConfiguration;
			buildSettings = {
				ALWAYS_EMBED_SWIFT_STANDARD_LIBRARIES = YES;
				CLANG_ENABLE_MODULES = YES;
				CODE_SIGN_STYLE = Automatic;
				DEVELOPMENT_TEAM = 6SQ7R2QP39;
				INFOPLIST_FILE = "Tests iOS/Info.plist";
				IPHONEOS_DEPLOYMENT_TARGET = 14.4;
				LD_RUNPATH_SEARCH_PATHS = (
					"$(inherited)",
					"@executable_path/Frameworks",
					"@loader_path/Frameworks",
				);
				PRODUCT_BUNDLE_IDENTIFIER = "de.remshams.Tests-iOS";
				PRODUCT_NAME = "$(TARGET_NAME)";
				SDKROOT = iphoneos;
				SWIFT_OPTIMIZATION_LEVEL = "-Onone";
				SWIFT_VERSION = 5.0;
				TARGETED_DEVICE_FAMILY = "1,2";
				TEST_TARGET_NAME = "dev-articles (iOS)";
			};
			name = Debug;
		};
		4BC96C0825CF0EE90081B8FF /* Release */ = {
			isa = XCBuildConfiguration;
			buildSettings = {
				ALWAYS_EMBED_SWIFT_STANDARD_LIBRARIES = YES;
				CLANG_ENABLE_MODULES = YES;
				CODE_SIGN_STYLE = Automatic;
				DEVELOPMENT_TEAM = 6SQ7R2QP39;
				INFOPLIST_FILE = "Tests iOS/Info.plist";
				IPHONEOS_DEPLOYMENT_TARGET = 14.4;
				LD_RUNPATH_SEARCH_PATHS = (
					"$(inherited)",
					"@executable_path/Frameworks",
					"@loader_path/Frameworks",
				);
				PRODUCT_BUNDLE_IDENTIFIER = "de.remshams.Tests-iOS";
				PRODUCT_NAME = "$(TARGET_NAME)";
				SDKROOT = iphoneos;
				SWIFT_VERSION = 5.0;
				TARGETED_DEVICE_FAMILY = "1,2";
				TEST_TARGET_NAME = "dev-articles (iOS)";
				VALIDATE_PRODUCT = YES;
			};
			name = Release;
		};
		4BC96C0A25CF0EE90081B8FF /* Debug */ = {
			isa = XCBuildConfiguration;
			buildSettings = {
				ALWAYS_EMBED_SWIFT_STANDARD_LIBRARIES = YES;
				CLANG_ENABLE_MODULES = YES;
				CODE_SIGN_STYLE = Automatic;
				COMBINE_HIDPI_IMAGES = YES;
				DEVELOPMENT_TEAM = 6SQ7R2QP39;
				INFOPLIST_FILE = "Tests macOS/Info.plist";
				LD_RUNPATH_SEARCH_PATHS = (
					"$(inherited)",
					"@executable_path/../Frameworks",
					"@loader_path/../Frameworks",
				);
				MACOSX_DEPLOYMENT_TARGET = 11.1;
				PRODUCT_BUNDLE_IDENTIFIER = "de.remshams.Tests-macOS";
				PRODUCT_NAME = "$(TARGET_NAME)";
				SDKROOT = macosx;
				SWIFT_OPTIMIZATION_LEVEL = "-Onone";
				SWIFT_VERSION = 5.0;
				TEST_TARGET_NAME = "dev-articles (macOS)";
			};
			name = Debug;
		};
		4BC96C0B25CF0EE90081B8FF /* Release */ = {
			isa = XCBuildConfiguration;
			buildSettings = {
				ALWAYS_EMBED_SWIFT_STANDARD_LIBRARIES = YES;
				CLANG_ENABLE_MODULES = YES;
				CODE_SIGN_STYLE = Automatic;
				COMBINE_HIDPI_IMAGES = YES;
				DEVELOPMENT_TEAM = 6SQ7R2QP39;
				INFOPLIST_FILE = "Tests macOS/Info.plist";
				LD_RUNPATH_SEARCH_PATHS = (
					"$(inherited)",
					"@executable_path/../Frameworks",
					"@loader_path/../Frameworks",
				);
				MACOSX_DEPLOYMENT_TARGET = 11.1;
				PRODUCT_BUNDLE_IDENTIFIER = "de.remshams.Tests-macOS";
				PRODUCT_NAME = "$(TARGET_NAME)";
				SDKROOT = macosx;
				SWIFT_VERSION = 5.0;
				TEST_TARGET_NAME = "dev-articles (macOS)";
			};
			name = Release;
		};
/* End XCBuildConfiguration section */

/* Begin XCConfigurationList section */
		4B5C88A225F3B39C00F375F2 /* Build configuration list for PBXNativeTarget "Tests Shared" */ = {
			isa = XCConfigurationList;
			buildConfigurations = (
				4B5C88A325F3B39C00F375F2 /* Debug */,
				4B2627D3262CA27E006FD5C9 /* Test */,
				4B5C88A425F3B39C00F375F2 /* Release */,
			);
			defaultConfigurationIsVisible = 0;
			defaultConfigurationName = Release;
		};
		4BC96BCD25CF0EE80081B8FF /* Build configuration list for PBXProject "dev-articles" */ = {
			isa = XCConfigurationList;
			buildConfigurations = (
				4BC96BFE25CF0EE90081B8FF /* Debug */,
				4B2627CE262CA27E006FD5C9 /* Test */,
				4BC96BFF25CF0EE90081B8FF /* Release */,
			);
			defaultConfigurationIsVisible = 0;
			defaultConfigurationName = Release;
		};
		4BC96C0025CF0EE90081B8FF /* Build configuration list for PBXNativeTarget "dev-articles (iOS)" */ = {
			isa = XCConfigurationList;
			buildConfigurations = (
				4BC96C0125CF0EE90081B8FF /* Debug */,
				4B2627CF262CA27E006FD5C9 /* Test */,
				4BC96C0225CF0EE90081B8FF /* Release */,
			);
			defaultConfigurationIsVisible = 0;
			defaultConfigurationName = Release;
		};
		4BC96C0325CF0EE90081B8FF /* Build configuration list for PBXNativeTarget "dev-articles (macOS)" */ = {
			isa = XCConfigurationList;
			buildConfigurations = (
				4BC96C0425CF0EE90081B8FF /* Debug */,
				4B2627D0262CA27E006FD5C9 /* Test */,
				4BC96C0525CF0EE90081B8FF /* Release */,
			);
			defaultConfigurationIsVisible = 0;
			defaultConfigurationName = Release;
		};
		4BC96C0625CF0EE90081B8FF /* Build configuration list for PBXNativeTarget "Tests iOS" */ = {
			isa = XCConfigurationList;
			buildConfigurations = (
				4BC96C0725CF0EE90081B8FF /* Debug */,
				4B2627D1262CA27E006FD5C9 /* Test */,
				4BC96C0825CF0EE90081B8FF /* Release */,
			);
			defaultConfigurationIsVisible = 0;
			defaultConfigurationName = Release;
		};
		4BC96C0925CF0EE90081B8FF /* Build configuration list for PBXNativeTarget "Tests macOS" */ = {
			isa = XCConfigurationList;
			buildConfigurations = (
				4BC96C0A25CF0EE90081B8FF /* Debug */,
				4B2627D2262CA27E006FD5C9 /* Test */,
				4BC96C0B25CF0EE90081B8FF /* Release */,
			);
			defaultConfigurationIsVisible = 0;
			defaultConfigurationName = Release;
		};
/* End XCConfigurationList section */

/* Begin XCVersionGroup section */
		4B3DB04F260659FE003B5CD6 /* DevArticles.xcdatamodeld */ = {
			isa = XCVersionGroup;
			children = (
				4B3DB050260659FE003B5CD6 /* DevArticles.xcdatamodel */,
			);
			currentVersion = 4B3DB050260659FE003B5CD6 /* DevArticles.xcdatamodel */;
			path = DevArticles.xcdatamodeld;
			sourceTree = "<group>";
			versionGroupType = wrapper.xcdatamodel;
		};
/* End XCVersionGroup section */
	};
	rootObject = 4BC96BCA25CF0EE80081B8FF /* Project object */;
}
